// !$*UTF8*$!
{
	archiveVersion = 1;
	classes = {
	};
	objectVersion = 38;
	objects = {
		6E7F7A3F01283E972947C60C = {
			buildStyles = (
				6E7F7A4201283F092947C60C,
				6E7F7A4301283F092947C60C,
				EE990F05027DB62C00A8042A,
				EE990F06027DB67100A8042A,
			);
			hasScannedForEncodings = 1;
			isa = PBXProject;
			mainGroup = 6E7F7A4001283E972947C60C;
			productRefGroup = 6E7F7A4601283F332947C60C;
			projectDirPath = "";
			targets = (
				6E7F7ABC01295E212947C60C,
				EE68A243020A0A9600A80107,
				6E7F7A4801283F332947C60C,
				EE52EC2301388DC300000001,
				6E7F7A53012840522947C60C,
				6E7F7A99012954B32947C60C,
				EEA873EC02E4E1A500A80107,
			);
		};
		6E7F7A4001283E972947C60C = {
			children = (
				EE0946220129DAF800000001,
				EE66E9DD02EB22E100343C4C,
				6E7F7A7F012940592947C60C,
				EEA873E902E4E1A500A80107,
				6E7F7AB701295DB02947C60C,
				6E7F7A84012941262947C60C,
				6E7F7A4601283F332947C60C,
			);
			isa = PBXGroup;
			refType = 4;
		};
		6E7F7A4201283F092947C60C = {
			buildRules = (
			);
			buildSettings = {
				DEBUGGING_SYMBOLS = YES;
				DEPLOYMENT_LOCATION = NO;
				DEPLOYMENT_POSTPROCESSING = NO;
				DSTROOT = /;
				FRAMEWORK_SEARCH_PATHS = "$(LOCAL_LIBRARY_DIR)/Frameworks";
				OPTIMIZATION_CFLAGS = "-O0";
			};
			isa = PBXBuildStyle;
			name = Development;
		};
		6E7F7A4301283F092947C60C = {
			buildRules = (
			);
			buildSettings = {
				DEBUGGING_SYMBOLS = NO;
				DEPLOYMENT_LOCATION = YES;
				DEPLOYMENT_POSTPROCESSING = YES;
				DSTROOT = /;
				FRAMEWORK_SEARCH_PATHS = "$(LOCAL_LIBRARY_DIR)/Frameworks";
				OPTIMIZATION_CFLAGS = "-O3";
			};
			isa = PBXBuildStyle;
			name = Deployment;
		};
		6E7F7A4401283F332947C60C = {
			children = (
				6E7F7A4501283F332947C60C,
				6E7F7ACF012979A42947C60C,
				6E7F7ACD012978022947C60C,
			);
			isa = PBXGroup;
			name = "Test Server";
			path = "";
			refType = 4;
		};
		6E7F7A4501283F332947C60C = {
			fileEncoding = 30;
			isa = PBXFileReference;
			path = server_main.m;
			refType = 4;
		};
		6E7F7A4601283F332947C60C = {
			children = (
				6E7F7ABB01295E212947C60C,
				6E7F7A4701283F332947C60C,
				EE52EC2101388DC300000001,
				6E7F7A51012840522947C60C,
				6E7F7A97012954B32947C60C,
				EE68A242020A0A9600A80107,
				EEA873EB02E4E1A500A80107,
			);
			isa = PBXGroup;
			name = Products;
			refType = 4;
		};
		6E7F7A4701283F332947C60C = {
			isa = PBXExecutableFileReference;
			path = TestClient;
			refType = 3;
		};
		6E7F7A4801283F332947C60C = {
			buildPhases = (
				6E7F7A4901283F332947C60C,
				6E7F7A4A01283F332947C60C,
				6E7F7A4C01283F332947C60C,
				6E7F7A4D01283F332947C60C,
			);
			buildSettings = {
				OTHER_CFLAGS = "";
				OTHER_LDFLAGS = "";
				OTHER_REZFLAGS = "";
				PRODUCT_NAME = TestClient;
				REZ_EXECUTABLE = YES;
				SECTORDER_FLAGS = "";
				WARNING_CFLAGS = "-Wmost -Wno-four-char-constants -Wno-unknown-pragmas";
			};
			dependencies = (
				6E7F7A98012954B32947C60C,
			);
			isa = PBXToolTarget;
			name = "Test Client";
			productInstallPath = /usr/local/bin;
			productName = Testtool;
			productReference = 6E7F7A4701283F332947C60C;
		};
		6E7F7A4901283F332947C60C = {
			buildActionMask = 2147483647;
			files = (
				6ED9BB460132B4D02947C60C,
				6ED9BB470132B4D02947C60C,
			);
			isa = PBXHeadersBuildPhase;
			runOnlyForDeploymentPostprocessing = 0;
		};
		6E7F7A4A01283F332947C60C = {
			buildActionMask = 2147483647;
			files = (
				6E7F7A52012840522947C60C,
				6ED9BB480132B4D02947C60C,
				6ED9BB490132B4D02947C60C,
			);
			isa = PBXSourcesBuildPhase;
			runOnlyForDeploymentPostprocessing = 0;
		};
		6E7F7A4C01283F332947C60C = {
			buildActionMask = 2147483647;
			files = (
				EEC09ED2012CB71900000001,
				EEC09ED3012CB71900000001,
				EEC09ED5012CB72700000001,
				EEAF609602F4AAEA00A80107,
			);
			isa = PBXFrameworksBuildPhase;
			runOnlyForDeploymentPostprocessing = 0;
		};
		6E7F7A4D01283F332947C60C = {
			buildActionMask = 2147483647;
			files = (
			);
			isa = PBXRezBuildPhase;
			runOnlyForDeploymentPostprocessing = 0;
		};
		6E7F7A4F01283FCF2947C60C = {
			children = (
				6E7F7A50012840522947C60C,
				6ED9BB420132B4D02947C60C,
				6ED9BB430132B4D02947C60C,
				6ED9BB440132B4D02947C60C,
				6ED9BB450132B4D02947C60C,
			);
			isa = PBXGroup;
			name = "Test Client";
			path = "";
			refType = 4;
		};
		6E7F7A50012840522947C60C = {
			fileEncoding = 30;
			isa = PBXFileReference;
			path = client_main.m;
			refType = 4;
		};
		6E7F7A51012840522947C60C = {
			isa = PBXExecutableFileReference;
			path = TestServer;
			refType = 3;
		};
		6E7F7A52012840522947C60C = {
			fileRef = 6E7F7A50012840522947C60C;
			isa = PBXBuildFile;
			settings = {
			};
		};
		6E7F7A53012840522947C60C = {
			buildPhases = (
				6E7F7A54012840522947C60C,
				6E7F7A55012840522947C60C,
				6E7F7A57012840522947C60C,
				6E7F7A58012840522947C60C,
			);
			buildSettings = {
				OTHER_CFLAGS = "";
				OTHER_LDFLAGS = "";
				OTHER_REZFLAGS = "";
				PRODUCT_NAME = TestServer;
				REZ_EXECUTABLE = YES;
				SECTORDER_FLAGS = "";
				WARNING_CFLAGS = "-Wmost -Wno-four-char-constants -Wno-unknown-pragmas";
			};
			dependencies = (
				6E7F7AA8012954B32947C60C,
			);
			isa = PBXToolTarget;
			name = "Test Server";
			productName = "Test Server";
			productReference = 6E7F7A51012840522947C60C;
		};
		6E7F7A54012840522947C60C = {
			buildActionMask = 2147483647;
			files = (
				6E7F7AD0012979A42947C60C,
			);
			isa = PBXHeadersBuildPhase;
			runOnlyForDeploymentPostprocessing = 0;
		};
		6E7F7A55012840522947C60C = {
			buildActionMask = 2147483647;
			files = (
				6E7F7A56012840522947C60C,
				6E7F7ACE012978022947C60C,
			);
			isa = PBXSourcesBuildPhase;
			runOnlyForDeploymentPostprocessing = 0;
		};
		6E7F7A56012840522947C60C = {
			fileRef = 6E7F7A4501283F332947C60C;
			isa = PBXBuildFile;
			settings = {
			};
		};
		6E7F7A57012840522947C60C = {
			buildActionMask = 2147483647;
			files = (
				6E7F7A8A012941262947C60C,
				6E7F7A8B012941262947C60C,
				6E7F7AAF0129563A2947C60C,
				EEAF609802F4AAEB00A80107,
			);
			isa = PBXFrameworksBuildPhase;
			runOnlyForDeploymentPostprocessing = 0;
		};
		6E7F7A58012840522947C60C = {
			buildActionMask = 2147483647;
			files = (
			);
			isa = PBXRezBuildPhase;
			runOnlyForDeploymentPostprocessing = 0;
		};
		6E7F7A7F012940592947C60C = {
			children = (
				6E7F7A800129408D2947C60C,
				6E7F7ACB012974282947C60C,
				EED93CFE012A12E800000001,
				EED93D00012A13F000000001,
				EED93D01012A13F000000001,
				6E7F7AD10129A6E92947C60C,
				EE4F1C9D013C11AE00000001,
				EED0C87402B180F400A80107,
				6E7F7AD50129A6E92947C60C,
				6E7F7AD60129A6E92947C60C,
				AD8385B20468198000A80107,
			);
			isa = PBXGroup;
			name = "XMLRPC Framework";
			path = "";
			refType = 2;
		};
		6E7F7A800129408D2947C60C = {
			fileEncoding = 30;
			isa = PBXFileReference;
			path = XMLRPC.h;
			refType = 4;
		};
		6E7F7A82012941262947C60C = {
			fileEncoding = 30;
			isa = PBXFileReference;
			path = XRConnection.h;
			refType = 4;
		};
		6E7F7A83012941262947C60C = {
			fileEncoding = 30;
			isa = PBXFileReference;
			path = XRConnection.m;
			refType = 4;
		};
		6E7F7A84012941262947C60C = {
			children = (
				6E7F7A85012941262947C60C,
				6E7F7A86012941262947C60C,
				EEAF609202F4AAEA00A80107,
				EE52EC33013891BE00000001,
			);
			isa = PBXGroup;
			name = Frameworks;
			refType = 4;
		};
		6E7F7A85012941262947C60C = {
			isa = PBXFrameworkReference;
			name = Foundation.framework;
			path = /System/Library/Frameworks/Foundation.framework;
			refType = 0;
		};
		6E7F7A86012941262947C60C = {
			isa = PBXFrameworkReference;
			name = EDCommon.framework;
			path = /Library/Frameworks/EDCommon.framework;
			refType = 0;
		};
		6E7F7A8A012941262947C60C = {
			fileRef = 6E7F7A85012941262947C60C;
			isa = PBXBuildFile;
			settings = {
			};
		};
		6E7F7A8B012941262947C60C = {
			fileRef = 6E7F7A86012941262947C60C;
			isa = PBXBuildFile;
			settings = {
			};
		};
		6E7F7A91012951DA2947C60C = {
			fileEncoding = 30;
			isa = PBXFileReference;
			path = "NSString+XMLExtensions.h";
			refType = 4;
		};
		6E7F7A92012951DA2947C60C = {
			fileEncoding = 30;
			isa = PBXFileReference;
			path = "NSString+XMLExtensions.m";
			refType = 4;
		};
		6E7F7A93012951DA2947C60C = {
			fileEncoding = 4;
			isa = PBXFileReference;
			path = Entity2String.plist;
			refType = 4;
		};
		6E7F7A94012951DA2947C60C = {
			fileEncoding = 4;
			isa = PBXFileReference;
			path = String2Entity.plist;
			refType = 4;
		};
		6E7F7A97012954B32947C60C = {
			isa = PBXFrameworkReference;
			path = XMLRPC.framework;
			refType = 3;
		};
		6E7F7A98012954B32947C60C = {
			isa = PBXTargetDependency;
			target = 6E7F7A99012954B32947C60C;
		};
		6E7F7A99012954B32947C60C = {
			buildPhases = (
				6E7F7A9A012954B32947C60C,
				6E7F7A9F012954B32947C60C,
				6E7F7AA2012954B32947C60C,
				6E7F7AA6012954B32947C60C,
				6E7F7AA7012954B32947C60C,
				EE19B5A501CEBA5D00A80107,
			);
			buildSettings = {
				CURRENT_PROJECT_VERSION = 2;
				DYLIB_COMPATIBILITY_VERSION = 2;
				DYLIB_CURRENT_VERSION = 2;
				FRAMEWORK_VERSION = A;
				INSTALL_MODE_FLAG = "u+w,go-w,o+rX";
				INSTALL_PATH = "$(LOCAL_LIBRARY_DIR)/Frameworks";
				OPTIMIZATION_CFLAGS = "\U0001-O0";
				OTHER_CFLAGS = "";
				OTHER_GENERATED_OFILES = "$(VERS_OFILE)";
				OTHER_LDFLAGS = "-seg1addr 0x35800000";
				OTHER_LIBTOOL_FLAGS = "";
				OTHER_REZFLAGS = "";
				PREBINDING = YES;
				PRINCIPAL_CLASS = "";
				PRODUCT_NAME = XMLRPC;
				SECTORDER_FLAGS = "";
				USE_GCC3_PFE_SUPPORT = YES;
				VERSIONING_SYSTEM = "apple-generic";
				WARNING_CFLAGS = "-Wmost -Wno-four-char-constants -Wno-unknown-pragmas";
				WRAPPER_EXTENSION = framework;
			};
			dependencies = (
			);
			isa = PBXFrameworkTarget;
			name = "XMLRPC Framework";
			productInstallPath = "$(LOCAL_LIBRARY_DIR)/Frameworks";
			productName = "XMLRPC Framework";
			productReference = 6E7F7A97012954B32947C60C;
			productSettingsXML = "<?xml version=\"1.0\" encoding=\"UTF-8\"?>
<!DOCTYPE plist PUBLIC \"-//Apple Computer//DTD PLIST 1.0//EN\" \"http://www.apple.com/DTDs/PropertyList-1.0.dtd\">
<plist version=\"1.0\">
<dict>
	<key>CFBundleDevelopmentRegion</key>
	<string>English</string>
	<key>CFBundleExecutable</key>
	<string>XMLRPC</string>
	<key>CFBundleGetInfoString</key>
	<string></string>
	<key>CFBundleIconFile</key>
	<string></string>
	<key>CFBundleIdentifier</key>
	<string>com.mulle-kybernetik.znek.xmlrpc</string>
	<key>CFBundleInfoDictionaryVersion</key>
	<string>6.0</string>
	<key>CFBundleName</key>
	<string></string>
	<key>CFBundlePackageType</key>
	<string>FMWK</string>
	<key>CFBundleShortVersionString</key>
	<string></string>
	<key>CFBundleSignature</key>
	<string>????</string>
	<key>CFBundleVersion</key>
	<string>1</string>
</dict>
</plist>
";
		};
		6E7F7A9A012954B32947C60C = {
			buildActionMask = 2147483647;
			files = (
				6E7F7A9B012954B32947C60C,
				6E7F7ACC012974282947C60C,
				EED93D02012A13F000000001,
				EED93CFF012A12E800000001,
				6E7F7A9C012954B32947C60C,
				6EEB1A980129BA2D2947C60C,
				EE0C32150129F08F00000001,
				EEAB7A5402E63E1C00A80107,
				6EEB1A940129B6F42947C60C,
				EEAB7A5502E63E1C00A80107,
				6EEB1AAD012A88D62947C60C,
				EEAB7A4B02E63DC900A80107,
				EEAB7A4C02E63DC900A80107,
				EEAB7A4D02E63DC900A80107,
				EEBF1D57012EADD200000001,
				EEF036FA012EFE3700000001,
				EEC470E30266634F00A80107,
				EED0C87702B180F400A80107,
				EEF037360130157200000001,
				EE4F1CA8013C130000000001,
				EE4F1CA2013C11EB00000001,
				EE4F1CA3013C11EB00000001,
				6EEB1A860129AC772947C60C,
				6EEB1A870129AC772947C60C,
				6EEB1A880129AC772947C60C,
				6EEB1A890129AC772947C60C,
				6EEB1A900129ADA92947C60C,
				EE8E8B28013C318C00000001,
				6E7F7A9E012954B32947C60C,
				6E7F7AD70129A6E92947C60C,
				AD4B681A03C5C4B700A8042A,
				6EEB1AB4012A8C7E2947C60C,
				6EEB1AB9012A8CE02947C60C,
				6EEB1ABD012A9A122947C60C,
				6EEB1AC8012AC3E22947C60C,
				6EEB1AC9012AC3E22947C60C,
				6E7F7AB501295A522947C60C,
			);
			isa = PBXHeadersBuildPhase;
			runOnlyForDeploymentPostprocessing = 0;
		};
		6E7F7A9B012954B32947C60C = {
			fileRef = 6E7F7A800129408D2947C60C;
			isa = PBXBuildFile;
			settings = {
				ATTRIBUTES = (
					Public,
				);
			};
		};
		6E7F7A9C012954B32947C60C = {
			fileRef = 6E7F7A82012941262947C60C;
			isa = PBXBuildFile;
			settings = {
				ATTRIBUTES = (
					Public,
				);
			};
		};
		6E7F7A9E012954B32947C60C = {
			fileRef = 6E7F7A91012951DA2947C60C;
			isa = PBXBuildFile;
			settings = {
				ATTRIBUTES = (
					Public,
				);
			};
		};
		6E7F7A9F012954B32947C60C = {
			buildActionMask = 2147483647;
			files = (
				6E7F7AA0012954B32947C60C,
				6E7F7AA1012954B32947C60C,
				6E7F7ADA0129AA372947C60C,
				AD193412043D169100A80107,
			);
			isa = PBXResourcesBuildPhase;
			runOnlyForDeploymentPostprocessing = 0;
		};
		6E7F7AA0012954B32947C60C = {
			fileRef = 6E7F7A93012951DA2947C60C;
			isa = PBXBuildFile;
			settings = {
			};
		};
		6E7F7AA1012954B32947C60C = {
			fileRef = 6E7F7A94012951DA2947C60C;
			isa = PBXBuildFile;
			settings = {
			};
		};
		6E7F7AA2012954B32947C60C = {
			buildActionMask = 2147483647;
			files = (
				6E7F7AA3012954B32947C60C,
				6E7F7AA5012954B32947C60C,
				6E7F7AB601295A522947C60C,
				6E7F7AD80129A6E92947C60C,
				6EEB1A8A0129AC772947C60C,
				6EEB1A8B0129AC772947C60C,
				6EEB1A8C0129AC772947C60C,
				6EEB1A8D0129AC772947C60C,
				6EEB1A910129ADA92947C60C,
				6EEB1A950129B6F42947C60C,
				6EEB1A990129BA2D2947C60C,
				EE0C32160129F08F00000001,
				EED93D03012A13F000000001,
				6EEB1AAE012A88D62947C60C,
				6EEB1AB6012A8C7E2947C60C,
				6EEB1ABA012A8CE02947C60C,
				6EEB1ABE012A9A122947C60C,
				6EEB1ACA012AC3E22947C60C,
				6EEB1ACB012AC3E22947C60C,
				EEBF1D58012EADD200000001,
				EEF036FB012EFE3700000001,
				EEF037370130157200000001,
				EE4F1CA4013C11EB00000001,
				EE4F1CA5013C11EB00000001,
				EE4F1CA9013C130000000001,
				EE4F1CB1013C231900000001,
				EE8E8B29013C318C00000001,
				EEC470E40266634F00A80107,
				EED0C87802B180F400A80107,
				EEAB7A4E02E63DC900A80107,
				EEAB7A4F02E63DC900A80107,
				EEAB7A5602E63E1C00A80107,
				EEAB7A5702E63E1C00A80107,
				AD4B681B03C5C4B700A8042A,
			);
			isa = PBXSourcesBuildPhase;
			runOnlyForDeploymentPostprocessing = 0;
		};
		6E7F7AA3012954B32947C60C = {
			fileRef = 6E7F7A83012941262947C60C;
			isa = PBXBuildFile;
			settings = {
			};
		};
		6E7F7AA5012954B32947C60C = {
			fileRef = 6E7F7A92012951DA2947C60C;
			isa = PBXBuildFile;
			settings = {
			};
		};
		6E7F7AA6012954B32947C60C = {
			buildActionMask = 2147483647;
			files = (
				6E7F7AAC012955D72947C60C,
				6E7F7AAD012955D72947C60C,
				EEAF609302F4AAEA00A80107,
			);
			isa = PBXFrameworksBuildPhase;
			runOnlyForDeploymentPostprocessing = 0;
		};
		6E7F7AA7012954B32947C60C = {
			buildActionMask = 2147483647;
			files = (
			);
			isa = PBXRezBuildPhase;
			runOnlyForDeploymentPostprocessing = 0;
		};
		6E7F7AA8012954B32947C60C = {
			isa = PBXTargetDependency;
			target = 6E7F7A99012954B32947C60C;
		};
		6E7F7AAC012955D72947C60C = {
			fileRef = 6E7F7A85012941262947C60C;
			isa = PBXBuildFile;
			settings = {
			};
		};
		6E7F7AAD012955D72947C60C = {
			fileRef = 6E7F7A86012941262947C60C;
			isa = PBXBuildFile;
			settings = {
			};
		};
		6E7F7AAF0129563A2947C60C = {
			fileRef = 6E7F7A97012954B32947C60C;
			isa = PBXBuildFile;
			settings = {
			};
		};
		6E7F7AB301295A522947C60C = {
			fileEncoding = 30;
			isa = PBXFileReference;
			path = XMLRPCFramework.h;
			refType = 4;
		};
		6E7F7AB401295A522947C60C = {
			fileEncoding = 30;
			isa = PBXFileReference;
			path = XMLRPCFramework.m;
			refType = 4;
		};
		6E7F7AB501295A522947C60C = {
			fileRef = 6E7F7AB301295A522947C60C;
			isa = PBXBuildFile;
			settings = {
				ATTRIBUTES = (
				);
			};
		};
		6E7F7AB601295A522947C60C = {
			fileRef = 6E7F7AB401295A522947C60C;
			isa = PBXBuildFile;
			settings = {
			};
		};
		6E7F7AB701295DB02947C60C = {
			children = (
				6E7F7AB801295DB02947C60C,
				EE68A23F020A09FB00A80107,
				6E7F7A4F01283FCF2947C60C,
				EE52EC1F01388DC300000001,
				6E7F7A4401283F332947C60C,
				AD8385AF0468195B00A80107,
			);
			isa = PBXGroup;
			path = Testing;
			refType = 4;
		};
		6E7F7AB801295DB02947C60C = {
			children = (
				6E7F7AB901295DB02947C60C,
			);
			isa = PBXGroup;
			name = "UNIT Testing";
			path = "";
			refType = 4;
		};
		6E7F7AB901295DB02947C60C = {
			fileEncoding = 30;
			isa = PBXFileReference;
			path = functionaltests_main.m;
			refType = 4;
		};
		6E7F7ABB01295E212947C60C = {
			isa = PBXExecutableFileReference;
			path = UnitTests;
			refType = 3;
		};
		6E7F7ABC01295E212947C60C = {
			buildPhases = (
				6E7F7ABE01295E212947C60C,
				6E7F7ABF01295E212947C60C,
				6E7F7AC101295E212947C60C,
				6E7F7AC601295E212947C60C,
			);
			buildSettings = {
				OTHER_CFLAGS = "";
				OTHER_LDFLAGS = "";
				OTHER_REZFLAGS = "";
				PRODUCT_NAME = UnitTests;
				REZ_EXECUTABLE = YES;
				SECTORDER_FLAGS = "";
				WARNING_CFLAGS = "-Wmost -Wno-four-char-constants -Wno-unknown-pragmas";
			};
			dependencies = (
				6E7F7ABD01295E212947C60C,
			);
			isa = PBXToolTarget;
			name = "UNIT Tests";
			productInstallPath = /usr/local/bin;
			productName = unittests;
			productReference = 6E7F7ABB01295E212947C60C;
		};
		6E7F7ABD01295E212947C60C = {
			isa = PBXTargetDependency;
			target = 6E7F7A99012954B32947C60C;
		};
		6E7F7ABE01295E212947C60C = {
			buildActionMask = 2147483647;
			files = (
			);
			isa = PBXHeadersBuildPhase;
			runOnlyForDeploymentPostprocessing = 0;
		};
		6E7F7ABF01295E212947C60C = {
			buildActionMask = 2147483647;
			files = (
				6E7F7AC001295E212947C60C,
			);
			isa = PBXSourcesBuildPhase;
			runOnlyForDeploymentPostprocessing = 0;
		};
		6E7F7AC001295E212947C60C = {
			fileRef = 6E7F7AB901295DB02947C60C;
			isa = PBXBuildFile;
			settings = {
			};
		};
		6E7F7AC101295E212947C60C = {
			buildActionMask = 2147483647;
			files = (
				6E7F7AC201295E212947C60C,
				6E7F7AC301295E212947C60C,
				6E7F7AC501295E212947C60C,
				EEAF609402F4AAEA00A80107,
			);
			isa = PBXFrameworksBuildPhase;
			runOnlyForDeploymentPostprocessing = 0;
		};
		6E7F7AC201295E212947C60C = {
			fileRef = 6E7F7A85012941262947C60C;
			isa = PBXBuildFile;
			settings = {
			};
		};
		6E7F7AC301295E212947C60C = {
			fileRef = 6E7F7A86012941262947C60C;
			isa = PBXBuildFile;
			settings = {
			};
		};
		6E7F7AC501295E212947C60C = {
			fileRef = 6E7F7A97012954B32947C60C;
			isa = PBXBuildFile;
			settings = {
			};
		};
		6E7F7AC601295E212947C60C = {
			buildActionMask = 2147483647;
			files = (
			);
			isa = PBXRezBuildPhase;
			runOnlyForDeploymentPostprocessing = 0;
		};
		6E7F7ACB012974282947C60C = {
			fileEncoding = 30;
			isa = PBXFileReference;
			path = XRDefines.h;
			refType = 4;
		};
		6E7F7ACC012974282947C60C = {
			fileRef = 6E7F7ACB012974282947C60C;
			isa = PBXBuildFile;
			settings = {
				ATTRIBUTES = (
					Public,
				);
			};
		};
		6E7F7ACD012978022947C60C = {
			fileEncoding = 30;
			isa = PBXFileReference;
			path = TestServer.m;
			refType = 4;
		};
		6E7F7ACE012978022947C60C = {
			fileRef = 6E7F7ACD012978022947C60C;
			isa = PBXBuildFile;
			settings = {
			};
		};
		6E7F7ACF012979A42947C60C = {
			fileEncoding = 30;
			isa = PBXFileReference;
			path = TestServer.h;
			refType = 4;
		};
		6E7F7AD0012979A42947C60C = {
			fileRef = 6E7F7ACF012979A42947C60C;
			isa = PBXBuildFile;
			settings = {
			};
		};
		6E7F7AD10129A6E92947C60C = {
			children = (
				6E7F7A82012941262947C60C,
				6E7F7A83012941262947C60C,
				EEF037340130157200000001,
				EEF037350130157200000001,
				6EEB1A9A0129BE2E2947C60C,
			);
			isa = PBXGroup;
			name = Connection;
			refType = 4;
		};
		6E7F7AD20129A6E92947C60C = {
			children = (
				6E7F7AD30129A6E92947C60C,
				6E7F7AD40129A6E92947C60C,
				AD4B681803C5C4B700A8042A,
				AD4B681903C5C4B700A8042A,
				6E7F7ADB0129AA6C2947C60C,
				6EEB1A7D0129AC772947C60C,
			);
			isa = PBXGroup;
			name = "XML Parser";
			path = "";
			refType = 4;
		};
		6E7F7AD30129A6E92947C60C = {
			fileEncoding = 30;
			isa = PBXFileReference;
			path = XRXMLParser.h;
			refType = 4;
		};
		6E7F7AD40129A6E92947C60C = {
			fileEncoding = 30;
			isa = PBXFileReference;
			path = XRXMLParser.m;
			refType = 4;
		};
		6E7F7AD50129A6E92947C60C = {
			children = (
				EE4F1CAF013C231900000001,
				EE8E8B26013C318C00000001,
				EE8E8B27013C318C00000001,
				6E7F7A91012951DA2947C60C,
				6E7F7A92012951DA2947C60C,
				EEAB7A5002E63E1C00A80107,
				EEAB7A5102E63E1C00A80107,
				EEAB7A5202E63E1C00A80107,
				EEAB7A5302E63E1C00A80107,
				6E7F7A93012951DA2947C60C,
				6E7F7A94012951DA2947C60C,
				AD193411043D169100A80107,
			);
			isa = PBXGroup;
			name = Extensions;
			refType = 4;
		};
		6E7F7AD60129A6E92947C60C = {
			children = (
				6E7F7AB301295A522947C60C,
				6E7F7AB401295A522947C60C,
			);
			isa = PBXGroup;
			name = "Framework Stub";
			refType = 4;
		};
		6E7F7AD70129A6E92947C60C = {
			fileRef = 6E7F7AD30129A6E92947C60C;
			isa = PBXBuildFile;
			settings = {
				ATTRIBUTES = (
					Public,
				);
			};
		};
		6E7F7AD80129A6E92947C60C = {
			fileRef = 6E7F7AD40129A6E92947C60C;
			isa = PBXBuildFile;
			settings = {
			};
		};
		6E7F7AD90129AA372947C60C = {
			fileEncoding = 30;
			isa = PBXFileReference;
			path = XMLRPCTags.plist;
			refType = 4;
		};
		6E7F7ADA0129AA372947C60C = {
			fileRef = 6E7F7AD90129AA372947C60C;
			isa = PBXBuildFile;
			settings = {
			};
		};
		6E7F7ADB0129AA6C2947C60C = {
			children = (
				6E7F7AD90129AA372947C60C,
				6EEB1AB7012A8CE02947C60C,
				6EEB1AB8012A8CE02947C60C,
				6EEB1AB1012A8C7E2947C60C,
				6EEB1AB2012A8C7E2947C60C,
				6EEB1ABB012A9A122947C60C,
				6EEB1ABC012A9A122947C60C,
				6EEB1AC4012AC3E22947C60C,
				6EEB1AC5012AC3E22947C60C,
				6EEB1AC6012AC3E22947C60C,
				6EEB1AC7012AC3E22947C60C,
			);
			isa = PBXGroup;
			name = Elements;
			refType = 4;
		};
		6ECF090A012C2C1E2947C60C = {
			isa = PBXFileReference;
			path = README.rtf;
			refType = 4;
		};
		6ED9BB420132B4D02947C60C = {
			fileEncoding = 30;
			isa = PBXFileReference;
			path = TestController.h;
			refType = 4;
		};
		6ED9BB430132B4D02947C60C = {
			fileEncoding = 30;
			isa = PBXFileReference;
			path = TestController.m;
			refType = 4;
		};
		6ED9BB440132B4D02947C60C = {
			fileEncoding = 30;
			isa = PBXFileReference;
			path = TestServerProxy.h;
			refType = 4;
		};
		6ED9BB450132B4D02947C60C = {
			fileEncoding = 30;
			isa = PBXFileReference;
			path = TestServerProxy.m;
			refType = 4;
		};
		6ED9BB460132B4D02947C60C = {
			fileRef = 6ED9BB420132B4D02947C60C;
			isa = PBXBuildFile;
			settings = {
			};
		};
		6ED9BB470132B4D02947C60C = {
			fileRef = 6ED9BB440132B4D02947C60C;
			isa = PBXBuildFile;
			settings = {
			};
		};
		6ED9BB480132B4D02947C60C = {
			fileRef = 6ED9BB430132B4D02947C60C;
			isa = PBXBuildFile;
			settings = {
			};
		};
		6ED9BB490132B4D02947C60C = {
			fileRef = 6ED9BB450132B4D02947C60C;
			isa = PBXBuildFile;
			settings = {
			};
		};
		6EEB1A7D0129AC772947C60C = {
			children = (
				6EEB1A7E0129AC772947C60C,
				6EEB1A7F0129AC772947C60C,
				6EEB1A800129AC772947C60C,
				6EEB1A810129AC772947C60C,
				6EEB1A820129AC772947C60C,
				6EEB1A830129AC772947C60C,
				6EEB1A840129AC772947C60C,
				6EEB1A850129AC772947C60C,
				6EEB1A8E0129ADA92947C60C,
				6EEB1A8F0129ADA92947C60C,
			);
			isa = PBXGroup;
			name = "Mulle Basic XML";
			refType = 4;
		};
		6EEB1A7E0129AC772947C60C = {
			fileEncoding = 30;
			isa = PBXFileReference;
			path = MXElement.h;
			refType = 4;
		};
		6EEB1A7F0129AC772947C60C = {
			fileEncoding = 30;
			isa = PBXFileReference;
			path = MXElement.m;
			refType = 4;
		};
		6EEB1A800129AC772947C60C = {
			fileEncoding = 30;
			isa = PBXFileReference;
			path = MXStringElement.h;
			refType = 4;
		};
		6EEB1A810129AC772947C60C = {
			fileEncoding = 30;
			isa = PBXFileReference;
			path = MXStringElement.m;
			refType = 4;
		};
		6EEB1A820129AC772947C60C = {
			fileEncoding = 30;
			isa = PBXFileReference;
			path = MXContainerElement.h;
			refType = 4;
		};
		6EEB1A830129AC772947C60C = {
			fileEncoding = 30;
			isa = PBXFileReference;
			path = MXContainerElement.m;
			refType = 4;
		};
		6EEB1A840129AC772947C60C = {
			fileEncoding = 30;
			isa = PBXFileReference;
			path = MXTextContainerElement.h;
			refType = 4;
		};
		6EEB1A850129AC772947C60C = {
			fileEncoding = 30;
			isa = PBXFileReference;
			path = MXTextContainerElement.m;
			refType = 4;
		};
		6EEB1A860129AC772947C60C = {
			fileRef = 6EEB1A820129AC772947C60C;
			isa = PBXBuildFile;
			settings = {
				ATTRIBUTES = (
					Public,
				);
			};
		};
		6EEB1A870129AC772947C60C = {
			fileRef = 6EEB1A7E0129AC772947C60C;
			isa = PBXBuildFile;
			settings = {
				ATTRIBUTES = (
					Public,
				);
			};
		};
		6EEB1A880129AC772947C60C = {
			fileRef = 6EEB1A800129AC772947C60C;
			isa = PBXBuildFile;
			settings = {
				ATTRIBUTES = (
					Public,
				);
			};
		};
		6EEB1A890129AC772947C60C = {
			fileRef = 6EEB1A840129AC772947C60C;
			isa = PBXBuildFile;
			settings = {
				ATTRIBUTES = (
					Public,
				);
			};
		};
		6EEB1A8A0129AC772947C60C = {
			fileRef = 6EEB1A830129AC772947C60C;
			isa = PBXBuildFile;
			settings = {
			};
		};
		6EEB1A8B0129AC772947C60C = {
			fileRef = 6EEB1A7F0129AC772947C60C;
			isa = PBXBuildFile;
			settings = {
			};
		};
		6EEB1A8C0129AC772947C60C = {
			fileRef = 6EEB1A810129AC772947C60C;
			isa = PBXBuildFile;
			settings = {
			};
		};
		6EEB1A8D0129AC772947C60C = {
			fileRef = 6EEB1A850129AC772947C60C;
			isa = PBXBuildFile;
			settings = {
			};
		};
		6EEB1A8E0129ADA92947C60C = {
			fileEncoding = 30;
			isa = PBXFileReference;
			path = MXAutoContentContainerElement.h;
			refType = 4;
		};
		6EEB1A8F0129ADA92947C60C = {
			fileEncoding = 30;
			isa = PBXFileReference;
			path = MXAutoContentContainerElement.m;
			refType = 4;
		};
		6EEB1A900129ADA92947C60C = {
			fileRef = 6EEB1A8E0129ADA92947C60C;
			isa = PBXBuildFile;
			settings = {
				ATTRIBUTES = (
					Public,
				);
			};
		};
		6EEB1A910129ADA92947C60C = {
			fileRef = 6EEB1A8F0129ADA92947C60C;
			isa = PBXBuildFile;
			settings = {
			};
		};
		6EEB1A920129B6F42947C60C = {
			fileEncoding = 30;
			isa = PBXFileReference;
			path = XRHTTPResponse.h;
			refType = 4;
		};
		6EEB1A930129B6F42947C60C = {
			fileEncoding = 30;
			isa = PBXFileReference;
			path = XRHTTPResponse.m;
			refType = 4;
		};
		6EEB1A940129B6F42947C60C = {
			fileRef = 6EEB1A920129B6F42947C60C;
			isa = PBXBuildFile;
			settings = {
				ATTRIBUTES = (
					Public,
				);
			};
		};
		6EEB1A950129B6F42947C60C = {
			fileRef = 6EEB1A930129B6F42947C60C;
			isa = PBXBuildFile;
			settings = {
			};
		};
		6EEB1A960129BA2D2947C60C = {
			fileEncoding = 30;
			isa = PBXFileReference;
			path = XRHTTPMessage.h;
			refType = 4;
		};
		6EEB1A970129BA2D2947C60C = {
			fileEncoding = 30;
			isa = PBXFileReference;
			path = XRHTTPMessage.m;
			refType = 4;
		};
		6EEB1A980129BA2D2947C60C = {
			fileRef = 6EEB1A960129BA2D2947C60C;
			isa = PBXBuildFile;
			settings = {
				ATTRIBUTES = (
					Public,
				);
			};
		};
		6EEB1A990129BA2D2947C60C = {
			fileRef = 6EEB1A970129BA2D2947C60C;
			isa = PBXBuildFile;
			settings = {
			};
		};
		6EEB1A9A0129BE2E2947C60C = {
			children = (
				6EEB1A960129BA2D2947C60C,
				6EEB1A970129BA2D2947C60C,
				EE0C32130129F08F00000001,
				EE0C32140129F08F00000001,
				6EEB1A920129B6F42947C60C,
				6EEB1A930129B6F42947C60C,
				6EEB1AAB012A88D62947C60C,
				6EEB1AAC012A88D62947C60C,
				EEAB7A4502E63DC900A80107,
			);
			isa = PBXGroup;
			name = "HTTP Stuff";
			refType = 4;
		};
		6EEB1A9B012A73592947C60C = {
			isa = PBXFileReference;
			path = BUILD.rtf;
			refType = 4;
		};
		6EEB1A9C012A73592947C60C = {
			isa = PBXFileReference;
			path = TODO.rtf;
			refType = 4;
		};
		6EEB1AAB012A88D62947C60C = {
			fileEncoding = 30;
			isa = PBXFileReference;
			path = XRHTTPConnection.h;
			refType = 4;
		};
		6EEB1AAC012A88D62947C60C = {
			fileEncoding = 30;
			isa = PBXFileReference;
			path = XRHTTPConnection.m;
			refType = 4;
		};
		6EEB1AAD012A88D62947C60C = {
			fileRef = 6EEB1AAB012A88D62947C60C;
			isa = PBXBuildFile;
			settings = {
				ATTRIBUTES = (
					Public,
				);
			};
		};
		6EEB1AAE012A88D62947C60C = {
			fileRef = 6EEB1AAC012A88D62947C60C;
			isa = PBXBuildFile;
			settings = {
			};
		};
		6EEB1AB1012A8C7E2947C60C = {
			fileEncoding = 30;
			isa = PBXFileReference;
			path = XREMethodResponse.h;
			refType = 4;
		};
		6EEB1AB2012A8C7E2947C60C = {
			fileEncoding = 30;
			isa = PBXFileReference;
			path = XREMethodResponse.m;
			refType = 4;
		};
		6EEB1AB4012A8C7E2947C60C = {
			fileRef = 6EEB1AB1012A8C7E2947C60C;
			isa = PBXBuildFile;
			settings = {
			};
		};
		6EEB1AB6012A8C7E2947C60C = {
			fileRef = 6EEB1AB2012A8C7E2947C60C;
			isa = PBXBuildFile;
			settings = {
			};
		};
		6EEB1AB7012A8CE02947C60C = {
			fileEncoding = 30;
			isa = PBXFileReference;
			path = XREMethodCall.h;
			refType = 4;
		};
		6EEB1AB8012A8CE02947C60C = {
			fileEncoding = 30;
			isa = PBXFileReference;
			path = XREMethodCall.m;
			refType = 4;
		};
		6EEB1AB9012A8CE02947C60C = {
			fileRef = 6EEB1AB7012A8CE02947C60C;
			isa = PBXBuildFile;
			settings = {
			};
		};
		6EEB1ABA012A8CE02947C60C = {
			fileRef = 6EEB1AB8012A8CE02947C60C;
			isa = PBXBuildFile;
			settings = {
			};
		};
		6EEB1ABB012A9A122947C60C = {
			fileEncoding = 30;
			isa = PBXFileReference;
			path = XREValue.h;
			refType = 4;
		};
		6EEB1ABC012A9A122947C60C = {
			fileEncoding = 30;
			isa = PBXFileReference;
			path = XREValue.m;
			refType = 4;
		};
		6EEB1ABD012A9A122947C60C = {
			fileRef = 6EEB1ABB012A9A122947C60C;
			isa = PBXBuildFile;
			settings = {
			};
		};
		6EEB1ABE012A9A122947C60C = {
			fileRef = 6EEB1ABC012A9A122947C60C;
			isa = PBXBuildFile;
			settings = {
			};
		};
		6EEB1AC4012AC3E22947C60C = {
			fileEncoding = 30;
			isa = PBXFileReference;
			path = XREArray.h;
			refType = 4;
		};
		6EEB1AC5012AC3E22947C60C = {
			fileEncoding = 30;
			isa = PBXFileReference;
			path = XREArray.m;
			refType = 4;
		};
		6EEB1AC6012AC3E22947C60C = {
			fileEncoding = 30;
			isa = PBXFileReference;
			path = XREStruct.h;
			refType = 4;
		};
		6EEB1AC7012AC3E22947C60C = {
			fileEncoding = 30;
			isa = PBXFileReference;
			path = XREStruct.m;
			refType = 4;
		};
		6EEB1AC8012AC3E22947C60C = {
			fileRef = 6EEB1AC4012AC3E22947C60C;
			isa = PBXBuildFile;
			settings = {
			};
		};
		6EEB1AC9012AC3E22947C60C = {
			fileRef = 6EEB1AC6012AC3E22947C60C;
			isa = PBXBuildFile;
			settings = {
			};
		};
		6EEB1ACA012AC3E22947C60C = {
			fileRef = 6EEB1AC5012AC3E22947C60C;
			isa = PBXBuildFile;
			settings = {
			};
		};
		6EEB1ACB012AC3E22947C60C = {
			fileRef = 6EEB1AC7012AC3E22947C60C;
			isa = PBXBuildFile;
			settings = {
			};
		};
//6E0
//6E1
//6E2
//6E3
//6E4
//AD0
//AD1
//AD2
//AD3
//AD4
		AD193411043D169100A80107 = {
			fileEncoding = 4;
			isa = PBXFileReference;
			path = String2XMLEntity.plist;
			refType = 4;
		};
		AD193412043D169100A80107 = {
			fileRef = AD193411043D169100A80107;
			isa = PBXBuildFile;
			settings = {
			};
		};
		AD4B681803C5C4B700A8042A = {
			fileEncoding = 4;
			isa = PBXFileReference;
			path = XRXMLTagProcessor.h;
			refType = 4;
		};
		AD4B681903C5C4B700A8042A = {
			fileEncoding = 4;
			isa = PBXFileReference;
			path = XRXMLTagProcessor.m;
			refType = 4;
		};
		AD4B681A03C5C4B700A8042A = {
			fileRef = AD4B681803C5C4B700A8042A;
			isa = PBXBuildFile;
			settings = {
				ATTRIBUTES = (
					Public,
				);
			};
		};
		AD4B681B03C5C4B700A8042A = {
			fileRef = AD4B681903C5C4B700A8042A;
			isa = PBXBuildFile;
			settings = {
			};
		};
		AD8385AF0468195B00A80107 = {
			children = (
				AD8385B00468197100A80107,
			);
			isa = PBXGroup;
			name = GNUstep;
			refType = 4;
		};
		AD8385B00468197100A80107 = {
			fileEncoding = 30;
			isa = PBXFileReference;
			path = GNUmakefile;
			refType = 4;
		};
		AD8385B20468198000A80107 = {
			children = (
				AD8385B30468199F00A80107,
				AD8385B50468199F00A80107,
				AD8385B40468199F00A80107,
			);
			isa = PBXGroup;
			name = GNUstep;
			refType = 4;
		};
		AD8385B30468199F00A80107 = {
			fileEncoding = 30;
			isa = PBXFileReference;
			path = GNUmakefile;
			refType = 4;
		};
		AD8385B40468199F00A80107 = {
			fileEncoding = 30;
			isa = PBXFileReference;
			path = GNUmakefile.postamble;
			refType = 4;
		};
		AD8385B50468199F00A80107 = {
			fileEncoding = 30;
			isa = PBXFileReference;
			path = GNUmakefile.preamble;
			refType = 4;
		};
//AD0
//AD1
//AD2
//AD3
//AD4
//EE0
//EE1
//EE2
//EE3
//EE4
		EE0946220129DAF800000001 = {
			children = (
				6ECF090A012C2C1E2947C60C,
				6EEB1A9B012A73592947C60C,
				6EEB1A9C012A73592947C60C,
				EE5481FC0269B30500A80107,
				EE4F618F012CEFDB00000001,
				EE0946230129DAF800000001,
				EE4F6194012CF65400000001,
				EE19B5A601CEC49000A80107,
			);
			isa = PBXGroup;
			name = README;
			refType = 4;
		};
		EE0946230129DAF800000001 = {
			fileEncoding = 30;
			isa = PBXFileReference;
			path = "XMLRPC-spec.html";
			refType = 4;
		};
		EE0C32130129F08F00000001 = {
			fileEncoding = 30;
			isa = PBXFileReference;
			path = XRHTTPRequest.h;
			refType = 4;
		};
		EE0C32140129F08F00000001 = {
			fileEncoding = 30;
			isa = PBXFileReference;
			path = XRHTTPRequest.m;
			refType = 4;
		};
		EE0C32150129F08F00000001 = {
			fileRef = EE0C32130129F08F00000001;
			isa = PBXBuildFile;
			settings = {
				ATTRIBUTES = (
					Public,
				);
			};
		};
		EE0C32160129F08F00000001 = {
			fileRef = EE0C32140129F08F00000001;
			isa = PBXBuildFile;
			settings = {
			};
		};
		EE19B5A501CEBA5D00A80107 = {
			buildActionMask = 8;
			files = (
			);
			generatedFileNames = (
			);
			isa = PBXShellScriptBuildPhase;
			neededFileNames = (
			);
			runOnlyForDeploymentPostprocessing = 1;
			shellPath = /bin/sh;
			shellScript = "# Most parts of this script have been taken from GPGME\n# (c) by Stephane Corthesy (I believe)\n\nMKDIRS=\"mkdir -p\"\nAUTODOC=\"/usr/local/bin/autodoc\"\nAUTODOC_FLAGS=\"-timestamp -allclasses\"\nAUTODOC_FORMAT=html\nAUTODOC_LANGUAGE=English\nexport AD_COPYRIGHT=\"Mulle kybernetiK\"\n\n# If autodoc is not installed, we quit without any error\ntest -x $AUTODOC || exit 0\n\nPUBLIC_DOC_INSTALLDIR=\"$SYMROOT/$PRODUCT_NAME.framework/Resources/$AUTODOC_LANGUAGE.lproj/Documentation\"\n\n# We need to write down file names here\nAUTODOC_FILES=\"XRConnection.h XRProxy.h XRCoder.h XREncoder.h XRDecoder.h XRMethodSignature.h XRInvocation.h XRHTTPMessage.h XRHTTPRequest.h XRHTTPResponse.h XRHTTPConnection.h XRXMLParser.h NSCalendarDate+ISO8601.h XRDefines.h XRConstants.h XRProtocols.h\"\n\nAUTODOC_DOCDIR=\"$PUBLIC_DOC_INSTALLDIR\"\n\nOTHER_AUTODOC_FLAGS=\"-typedirs -combine -force\"\n\nALL_AUTODOC_FLAGS=\"$AUTODOC_FLAGS $OTHER_AUTODOC_FLAGS\"\n\n$MKDIRS $PUBLIC_DOC_INSTALLDIR\n$AUTODOC $ALL_AUTODOC_FLAGS -format $AUTODOC_FORMAT -dest $AUTODOC_DOCDIR $AUTODOC_FILES\n";
		};
		EE19B5A601CEC49000A80107 = {
			children = (
				EE19B5A701CEC49000A80107,
			);
			isa = PBXGroup;
			name = AutoDoc;
			path = "";
			refType = 4;
		};
		EE19B5A701CEC49000A80107 = {
			fileEncoding = 30;
			isa = PBXFileReference;
			path = HTMLTemplate.html;
			refType = 2;
		};
		EE4F1C9D013C11AE00000001 = {
			children = (
				EE4F1CA6013C130000000001,
				EE4F1CA7013C130000000001,
				EE4F1C9E013C11EB00000001,
				EE4F1C9F013C11EB00000001,
				EE4F1CA0013C11EB00000001,
				EE4F1CA1013C11EB00000001,
				6E7F7AD20129A6E92947C60C,
			);
			isa = PBXGroup;
			name = Coders;
			refType = 4;
		};
		EE4F1C9E013C11EB00000001 = {
			fileEncoding = 30;
			isa = PBXFileReference;
			path = XREncoder.h;
			refType = 4;
		};
		EE4F1C9F013C11EB00000001 = {
			fileEncoding = 30;
			isa = PBXFileReference;
			path = XREncoder.m;
			refType = 4;
		};
		EE4F1CA0013C11EB00000001 = {
			fileEncoding = 30;
			isa = PBXFileReference;
			path = XRDecoder.h;
			refType = 4;
		};
		EE4F1CA1013C11EB00000001 = {
			fileEncoding = 30;
			isa = PBXFileReference;
			path = XRDecoder.m;
			refType = 4;
		};
		EE4F1CA2013C11EB00000001 = {
			fileRef = EE4F1C9E013C11EB00000001;
			isa = PBXBuildFile;
			settings = {
				ATTRIBUTES = (
					Public,
				);
			};
		};
		EE4F1CA3013C11EB00000001 = {
			fileRef = EE4F1CA0013C11EB00000001;
			isa = PBXBuildFile;
			settings = {
				ATTRIBUTES = (
					Public,
				);
			};
		};
		EE4F1CA4013C11EB00000001 = {
			fileRef = EE4F1C9F013C11EB00000001;
			isa = PBXBuildFile;
			settings = {
			};
		};
		EE4F1CA5013C11EB00000001 = {
			fileRef = EE4F1CA1013C11EB00000001;
			isa = PBXBuildFile;
			settings = {
			};
		};
		EE4F1CA6013C130000000001 = {
			fileEncoding = 30;
			isa = PBXFileReference;
			path = XRCoder.h;
			refType = 4;
		};
		EE4F1CA7013C130000000001 = {
			fileEncoding = 30;
			isa = PBXFileReference;
			path = XRCoder.m;
			refType = 4;
		};
		EE4F1CA8013C130000000001 = {
			fileRef = EE4F1CA6013C130000000001;
			isa = PBXBuildFile;
			settings = {
				ATTRIBUTES = (
					Public,
				);
			};
		};
		EE4F1CA9013C130000000001 = {
			fileRef = EE4F1CA7013C130000000001;
			isa = PBXBuildFile;
			settings = {
			};
		};
		EE4F1CAF013C231900000001 = {
			fileEncoding = 30;
			isa = PBXFileReference;
			path = "Objects+XRCoding.m";
			refType = 4;
		};
		EE4F1CB1013C231900000001 = {
			fileRef = EE4F1CAF013C231900000001;
			isa = PBXBuildFile;
			settings = {
			};
		};
		EE4F618F012CEFDB00000001 = {
			isa = PBXFileReference;
			path = EXAMPLES.rtf;
			refType = 4;
		};
		EE4F6194012CF65400000001 = {
			fileEncoding = 30;
			isa = PBXFileReference;
			path = LGPL.txt;
			refType = 4;
		};
		EE52EC1F01388DC300000001 = {
			children = (
				EE52EC2001388DC300000001,
				EE52EC2F01388FA700000001,
				EE52EC3001388FA700000001,
				EE52EC390138921600000001,
			);
			isa = PBXGroup;
			name = "Test Client Application";
			refType = 4;
		};
		EE52EC2001388DC300000001 = {
			fileEncoding = 30;
			isa = PBXFileReference;
			path = clientapp_main.m;
			refType = 4;
		};
		EE52EC2101388DC300000001 = {
			isa = PBXApplicationReference;
			path = TestClientApp.app;
			refType = 3;
		};
		EE52EC2301388DC300000001 = {
			buildPhases = (
				EE52EC2501388DC300000001,
				EE52EC2801388DC300000001,
				EE52EC2901388DC300000001,
				EE52EC2C01388DC300000001,
				EE52EC2D01388DC300000001,
			);
			buildSettings = {
				OTHER_CFLAGS = "";
				OTHER_LDFLAGS = "";
				OTHER_REZFLAGS = "";
				PRODUCT_NAME = TestClientApp;
				SECTORDER_FLAGS = "";
				WARNING_CFLAGS = "-Wmost -Wno-four-char-constants -Wno-unknown-pragmas";
				WRAPPER_EXTENSION = app;
			};
			dependencies = (
				EE52EC2401388DC300000001,
			);
			isa = PBXApplicationTarget;
			name = "Test Client Application";
			productInstallPath = "$(USER_APPS_DIR)";
			productName = TestClientApp;
			productReference = EE52EC2101388DC300000001;
			productSettingsXML = "<?xml version=\"1.0\" encoding=\"UTF-8\"?>
<!DOCTYPE plist PUBLIC \"-//Apple Computer//DTD PLIST 1.0//EN\" \"http://www.apple.com/DTDs/PropertyList-1.0.dtd\">
<plist version=\"1.0\">
<dict>
	<key>CFBundleDevelopmentRegion</key>
	<string>English</string>
	<key>CFBundleExecutable</key>
	<string>TestClientApp</string>
	<key>CFBundleGetInfoString</key>
	<string>TestClientApp</string>
	<key>CFBundleIconFile</key>
	<string></string>
	<key>CFBundleIdentifier</key>
	<string>com.mulle-kybernetik.znek.XMLRPC.TestClientApp</string>
	<key>CFBundleInfoDictionaryVersion</key>
	<string>6.0</string>
	<key>CFBundleName</key>
	<string>TestClientApp</string>
	<key>CFBundlePackageType</key>
	<string>APPL</string>
	<key>CFBundleShortVersionString</key>
	<string>1.0</string>
	<key>CFBundleSignature</key>
	<string>????</string>
	<key>CFBundleVersion</key>
	<string>1.0</string>
	<key>NSMainNibFile</key>
	<string>TestClientApp.nib</string>
	<key>NSPrincipalClass</key>
	<string>NSApplication</string>
</dict>
</plist>
";
		};
		EE52EC2401388DC300000001 = {
			isa = PBXTargetDependency;
			target = 6E7F7A99012954B32947C60C;
		};
		EE52EC2501388DC300000001 = {
			buildActionMask = 2147483647;
			files = (
				EE52EC2601388DC300000001,
				EE52EC2701388DC300000001,
				EE52EC3101388FA700000001,
			);
			isa = PBXHeadersBuildPhase;
			runOnlyForDeploymentPostprocessing = 0;
		};
		EE52EC2601388DC300000001 = {
			fileRef = 6ED9BB420132B4D02947C60C;
			isa = PBXBuildFile;
			settings = {
			};
		};
		EE52EC2701388DC300000001 = {
			fileRef = 6ED9BB440132B4D02947C60C;
			isa = PBXBuildFile;
			settings = {
			};
		};
		EE52EC2801388DC300000001 = {
			buildActionMask = 2147483647;
			files = (
				EE52EC3A0138921600000001,
			);
			isa = PBXResourcesBuildPhase;
			runOnlyForDeploymentPostprocessing = 0;
		};
		EE52EC2901388DC300000001 = {
			buildActionMask = 2147483647;
			files = (
				EE52EC2A01388DC300000001,
				EE52EC2B01388DC300000001,
				EE52EC3201388FA700000001,
				EE52EC3B013892D800000001,
			);
			isa = PBXSourcesBuildPhase;
			runOnlyForDeploymentPostprocessing = 0;
		};
		EE52EC2A01388DC300000001 = {
			fileRef = 6ED9BB430132B4D02947C60C;
			isa = PBXBuildFile;
			settings = {
			};
		};
		EE52EC2B01388DC300000001 = {
			fileRef = 6ED9BB450132B4D02947C60C;
			isa = PBXBuildFile;
			settings = {
			};
		};
		EE52EC2C01388DC300000001 = {
			buildActionMask = 2147483647;
			files = (
				EE52EC34013891BE00000001,
				EE52EC36013891BE00000001,
				EE52EC37013891BE00000001,
				EE52EC38013891BE00000001,
				EEAF609702F4AAEA00A80107,
			);
			isa = PBXFrameworksBuildPhase;
			runOnlyForDeploymentPostprocessing = 0;
		};
		EE52EC2D01388DC300000001 = {
			buildActionMask = 2147483647;
			files = (
			);
			isa = PBXRezBuildPhase;
			runOnlyForDeploymentPostprocessing = 0;
		};
		EE52EC2F01388FA700000001 = {
			fileEncoding = 30;
			isa = PBXFileReference;
			path = AppDelegate.h;
			refType = 4;
		};
		EE52EC3001388FA700000001 = {
			fileEncoding = 30;
			isa = PBXFileReference;
			path = AppDelegate.m;
			refType = 4;
		};
		EE52EC3101388FA700000001 = {
			fileRef = EE52EC2F01388FA700000001;
			isa = PBXBuildFile;
			settings = {
			};
		};
		EE52EC3201388FA700000001 = {
			fileRef = EE52EC3001388FA700000001;
			isa = PBXBuildFile;
			settings = {
			};
		};
		EE52EC33013891BE00000001 = {
			isa = PBXFrameworkReference;
			name = AppKit.framework;
			path = /System/Library/Frameworks/AppKit.framework;
			refType = 0;
		};
		EE52EC34013891BE00000001 = {
			fileRef = EE52EC33013891BE00000001;
			isa = PBXBuildFile;
			settings = {
			};
		};
		EE52EC36013891BE00000001 = {
			fileRef = 6E7F7A86012941262947C60C;
			isa = PBXBuildFile;
			settings = {
			};
		};
		EE52EC37013891BE00000001 = {
			fileRef = 6E7F7A85012941262947C60C;
			isa = PBXBuildFile;
			settings = {
			};
		};
		EE52EC38013891BE00000001 = {
			fileRef = 6E7F7A97012954B32947C60C;
			isa = PBXBuildFile;
			settings = {
			};
		};
		EE52EC390138921600000001 = {
			isa = PBXFileReference;
			path = TestClientApp.nib;
			refType = 4;
		};
		EE52EC3A0138921600000001 = {
			fileRef = EE52EC390138921600000001;
			isa = PBXBuildFile;
			settings = {
			};
		};
		EE52EC3B013892D800000001 = {
			fileRef = EE52EC2001388DC300000001;
			isa = PBXBuildFile;
			settings = {
			};
		};
		EE5481FC0269B30500A80107 = {
			isa = PBXFileReference;
			path = CHANGES.rtf;
			refType = 4;
		};
		EE66E9DD02EB22E100343C4C = {
			children = (
				EE66E9E102EB22E100343C4C,
			);
			isa = PBXGroup;
			name = objc;
			path = /usr/include/objc;
			refType = 0;
		};
		EE66E9E102EB22E100343C4C = {
			fileEncoding = 30;
			isa = PBXFileReference;
			path = "objc-class.h";
			refType = 4;
		};
		EE68A23F020A09FB00A80107 = {
			children = (
				EE68A240020A0A4C00A80107,
				EE68A24F020A0B1C00A80107,
			);
			isa = PBXGroup;
			name = "Parser Testing";
			refType = 4;
		};
		EE68A240020A0A4C00A80107 = {
			fileEncoding = 30;
			isa = PBXFileReference;
			path = parsertest_main.m;
			refType = 4;
		};
		EE68A242020A0A9600A80107 = {
			isa = PBXExecutableFileReference;
			path = ParserTest;
			refType = 3;
		};
		EE68A243020A0A9600A80107 = {
			buildPhases = (
				EE68A245020A0A9600A80107,
				EE68A246020A0A9600A80107,
				EE68A248020A0A9600A80107,
				EE68A250020A0B8300A80107,
				EE68A249020A0A9600A80107,
			);
			buildSettings = {
				OTHER_CFLAGS = "";
				OTHER_LDFLAGS = "";
				OTHER_REZFLAGS = "";
				PRODUCT_NAME = ParserTest;
				REZ_EXECUTABLE = YES;
				SECTORDER_FLAGS = "";
				WARNING_CFLAGS = "-Wmost -Wno-four-char-constants -Wno-unknown-pragmas";
			};
			dependencies = (
				EE68A244020A0A9600A80107,
			);
			isa = PBXToolTarget;
			name = "Parser Test";
			productInstallPath = /usr/local/bin;
			productName = "Parser Test";
			productReference = EE68A242020A0A9600A80107;
		};
		EE68A244020A0A9600A80107 = {
			isa = PBXTargetDependency;
			target = 6E7F7A99012954B32947C60C;
		};
		EE68A245020A0A9600A80107 = {
			buildActionMask = 2147483647;
			files = (
				EE68A254020A0D1800A80107,
			);
			isa = PBXHeadersBuildPhase;
			runOnlyForDeploymentPostprocessing = 0;
		};
		EE68A246020A0A9600A80107 = {
			buildActionMask = 2147483647;
			files = (
				EE68A247020A0A9600A80107,
				EE68A255020A0D1800A80107,
			);
			isa = PBXSourcesBuildPhase;
			runOnlyForDeploymentPostprocessing = 0;
		};
		EE68A247020A0A9600A80107 = {
			fileRef = EE68A240020A0A4C00A80107;
			isa = PBXBuildFile;
			settings = {
			};
		};
		EE68A248020A0A9600A80107 = {
			buildActionMask = 2147483647;
			files = (
				EE68A24B020A0AB200A80107,
				EE68A24C020A0AB200A80107,
				EE68A24E020A0AB200A80107,
				EEAF609502F4AAEA00A80107,
			);
			isa = PBXFrameworksBuildPhase;
			runOnlyForDeploymentPostprocessing = 0;
		};
		EE68A249020A0A9600A80107 = {
			buildActionMask = 2147483647;
			files = (
			);
			isa = PBXRezBuildPhase;
			runOnlyForDeploymentPostprocessing = 0;
		};
		EE68A24B020A0AB200A80107 = {
			fileRef = 6E7F7A85012941262947C60C;
			isa = PBXBuildFile;
			settings = {
			};
		};
		EE68A24C020A0AB200A80107 = {
			fileRef = 6E7F7A86012941262947C60C;
			isa = PBXBuildFile;
			settings = {
			};
		};
		EE68A24E020A0AB200A80107 = {
			fileRef = 6E7F7A97012954B32947C60C;
			isa = PBXBuildFile;
			settings = {
			};
		};
		EE68A24F020A0B1C00A80107 = {
			fileEncoding = 30;
			isa = PBXFileReference;
			path = example.xml;
			refType = 4;
		};
		EE68A250020A0B8300A80107 = {
			buildActionMask = 2147483647;
			dstPath = /tmp;
			dstSubfolderSpec = 0;
			files = (
				EE68A251020A0B8300A80107,
			);
			isa = PBXCopyFilesBuildPhase;
			runOnlyForDeploymentPostprocessing = 0;
		};
		EE68A251020A0B8300A80107 = {
			fileRef = EE68A24F020A0B1C00A80107;
			isa = PBXBuildFile;
			settings = {
			};
		};
		EE68A254020A0D1800A80107 = {
			fileRef = 6E7F7ACF012979A42947C60C;
			isa = PBXBuildFile;
			settings = {
			};
		};
		EE68A255020A0D1800A80107 = {
			fileRef = 6E7F7ACD012978022947C60C;
			isa = PBXBuildFile;
			settings = {
			};
		};
		EE8E8B26013C318C00000001 = {
			fileEncoding = 30;
			isa = PBXFileReference;
			path = "NSCalendarDate+ISO8601.h";
			refType = 4;
		};
		EE8E8B27013C318C00000001 = {
			fileEncoding = 30;
			isa = PBXFileReference;
			path = "NSCalendarDate+ISO8601.m";
			refType = 4;
		};
		EE8E8B28013C318C00000001 = {
			fileRef = EE8E8B26013C318C00000001;
			isa = PBXBuildFile;
			settings = {
				ATTRIBUTES = (
					Public,
				);
			};
		};
		EE8E8B29013C318C00000001 = {
			fileRef = EE8E8B27013C318C00000001;
			isa = PBXBuildFile;
			settings = {
			};
		};
		EE990F05027DB62C00A8042A = {
			buildRules = (
			);
			buildSettings = {
				COPY_PHASE_STRIP = NO;
				DEBUGGING_SYMBOLS = YES;
				DEPLOYMENT_LOCATION = NO;
				DEPLOYMENT_POSTPROCESSING = NO;
				DSTROOT = /;
				DYLIB_INSTALL_NAME_BASE = "@executable_path/../Frameworks";
				FRAMEWORK_SEARCH_PATHS = "$(USER_LIBRARY_DIR)/EmbeddedDevelopmentFrameworks";
				OPTIMIZATION_CFLAGS = "-O0";
				SKIP_INSTALL = YES;
				SYMROOT = "$(USER_LIBRARY_DIR)/EmbeddedDevelopmentFrameworks";
				TEMP_DIR = "$(SYMROOT)/$(PROJECT_NAME).build";
			};
			isa = PBXBuildStyle;
			name = "Appwrapper Development";
		};
		EE990F06027DB67100A8042A = {
			buildRules = (
			);
			buildSettings = {
				COPY_PHASE_STRIP = YES;
				DEBUGGING_SYMBOLS = NO;
				DEPLOYMENT_LOCATION = NO;
				DEPLOYMENT_POSTPROCESSING = YES;
				DSTROOT = /;
				DYLIB_INSTALL_NAME_BASE = "@executable_path/../Frameworks";
				FRAMEWORK_SEARCH_PATHS = "$(USER_LIBRARY_DIR)/EmbeddedFrameworks";
				OPTIMIZATION_CFLAGS = "-O3";
				SKIP_INSTALL = YES;
				SYMROOT = "$(USER_LIBRARY_DIR)/EmbeddedFrameworks";
				TEMP_DIR = "$(SYMROOT)/$(PROJECT_NAME).build";
			};
			isa = PBXBuildStyle;
			name = "Appwrapper Deployment";
		};
		EEA873E902E4E1A500A80107 = {
			children = (
				EEA873EA02E4E1A500A80107,
			);
			isa = PBXGroup;
			name = Tools;
			refType = 4;
		};
		EEA873EA02E4E1A500A80107 = {
			fileEncoding = 30;
			isa = PBXFileReference;
			name = xrcall_main.m;
			path = Tools/xrcall_main.m;
			refType = 4;
		};
		EEA873EB02E4E1A500A80107 = {
			isa = PBXExecutableFileReference;
			path = xrcall;
			refType = 3;
		};
		EEA873EC02E4E1A500A80107 = {
			buildPhases = (
				EEA873EE02E4E1A500A80107,
				EEA873EF02E4E1A500A80107,
				EEA873F102E4E1A500A80107,
				EEA873F602E4E1A500A80107,
			);
			buildSettings = {
				OTHER_CFLAGS = "";
				OTHER_LDFLAGS = "";
				OTHER_REZFLAGS = "";
				PRODUCT_NAME = xrcall;
				REZ_EXECUTABLE = YES;
				SECTORDER_FLAGS = "";
				WARNING_CFLAGS = "-Wmost -Wno-four-char-constants -Wno-unknown-pragmas";
			};
			dependencies = (
				EEA873ED02E4E1A500A80107,
			);
			isa = PBXToolTarget;
			name = xrcall;
			productInstallPath = /usr/local/bin;
			productName = xrcall;
			productReference = EEA873EB02E4E1A500A80107;
		};
		EEA873ED02E4E1A500A80107 = {
			isa = PBXTargetDependency;
			target = 6E7F7A99012954B32947C60C;
		};
		EEA873EE02E4E1A500A80107 = {
			buildActionMask = 2147483647;
			files = (
			);
			isa = PBXHeadersBuildPhase;
			runOnlyForDeploymentPostprocessing = 0;
		};
		EEA873EF02E4E1A500A80107 = {
			buildActionMask = 2147483647;
			files = (
				EEA873F002E4E1A500A80107,
			);
			isa = PBXSourcesBuildPhase;
			runOnlyForDeploymentPostprocessing = 0;
		};
		EEA873F002E4E1A500A80107 = {
			fileRef = EEA873EA02E4E1A500A80107;
			isa = PBXBuildFile;
			settings = {
			};
		};
		EEA873F102E4E1A500A80107 = {
			buildActionMask = 2147483647;
			files = (
				EEA873F202E4E1A500A80107,
				EEA873F302E4E1A500A80107,
				EEA873F502E4E1A500A80107,
				EEAF609902F4AAEB00A80107,
			);
			isa = PBXFrameworksBuildPhase;
			runOnlyForDeploymentPostprocessing = 0;
		};
		EEA873F202E4E1A500A80107 = {
			fileRef = 6E7F7A85012941262947C60C;
			isa = PBXBuildFile;
			settings = {
			};
		};
		EEA873F302E4E1A500A80107 = {
			fileRef = 6E7F7A86012941262947C60C;
			isa = PBXBuildFile;
			settings = {
			};
		};
		EEA873F502E4E1A500A80107 = {
			fileRef = 6E7F7A97012954B32947C60C;
			isa = PBXBuildFile;
			settings = {
			};
		};
		EEA873F602E4E1A500A80107 = {
			buildActionMask = 2147483647;
			files = (
			);
			isa = PBXRezBuildPhase;
			runOnlyForDeploymentPostprocessing = 0;
		};
		EEAB7A4502E63DC900A80107 = {
			children = (
				EEAB7A4602E63DC900A80107,
				EEAB7A4702E63DC900A80107,
				EEAB7A4802E63DC900A80107,
				EEAB7A4902E63DC900A80107,
				EEAB7A4A02E63DC900A80107,
			);
			isa = PBXGroup;
			name = Authentication;
			path = "";
			refType = 4;
		};
		EEAB7A4602E63DC900A80107 = {
			fileEncoding = 30;
			isa = PBXFileReference;
			path = XRHTTPAuthenticationCredentials.h;
			refType = 4;
		};
		EEAB7A4702E63DC900A80107 = {
			fileEncoding = 30;
			isa = PBXFileReference;
			path = XRHTTPAuthenticationCredentials.m;
			refType = 4;
		};
		EEAB7A4802E63DC900A80107 = {
			fileEncoding = 30;
			isa = PBXFileReference;
			path = XRHTTPAuthenticationHandler.h;
			refType = 4;
		};
		EEAB7A4902E63DC900A80107 = {
			fileEncoding = 30;
			isa = PBXFileReference;
			path = XRHTTPBasicAuthenticationHandler.h;
			refType = 4;
		};
		EEAB7A4A02E63DC900A80107 = {
			fileEncoding = 30;
			isa = PBXFileReference;
			path = XRHTTPBasicAuthenticationHandler.m;
			refType = 4;
		};
		EEAB7A4B02E63DC900A80107 = {
			fileRef = EEAB7A4602E63DC900A80107;
			isa = PBXBuildFile;
			settings = {
				ATTRIBUTES = (
					Public,
				);
			};
		};
		EEAB7A4C02E63DC900A80107 = {
			fileRef = EEAB7A4802E63DC900A80107;
			isa = PBXBuildFile;
			settings = {
				ATTRIBUTES = (
					Public,
				);
			};
		};
		EEAB7A4D02E63DC900A80107 = {
			fileRef = EEAB7A4902E63DC900A80107;
			isa = PBXBuildFile;
			settings = {
				ATTRIBUTES = (
					Public,
				);
			};
		};
		EEAB7A4E02E63DC900A80107 = {
			fileRef = EEAB7A4702E63DC900A80107;
			isa = PBXBuildFile;
			settings = {
			};
		};
		EEAB7A4F02E63DC900A80107 = {
			fileRef = EEAB7A4A02E63DC900A80107;
			isa = PBXBuildFile;
			settings = {
			};
		};
		EEAB7A5002E63E1C00A80107 = {
			fileEncoding = 30;
			isa = PBXFileReference;
			path = "XRHTTPRequest+HTTPAuthentication.h";
			refType = 4;
		};
		EEAB7A5102E63E1C00A80107 = {
			fileEncoding = 30;
			isa = PBXFileReference;
			path = "XRHTTPRequest+HTTPAuthentication.m";
			refType = 4;
		};
		EEAB7A5202E63E1C00A80107 = {
			fileEncoding = 30;
			isa = PBXFileReference;
			path = "XRHTTPResponse+HTTPAuthentication.h";
			refType = 4;
		};
		EEAB7A5302E63E1C00A80107 = {
			fileEncoding = 30;
			isa = PBXFileReference;
			path = "XRHTTPResponse+HTTPAuthentication.m";
			refType = 4;
		};
		EEAB7A5402E63E1C00A80107 = {
			fileRef = EEAB7A5002E63E1C00A80107;
			isa = PBXBuildFile;
			settings = {
				ATTRIBUTES = (
					Public,
				);
			};
		};
		EEAB7A5502E63E1C00A80107 = {
			fileRef = EEAB7A5202E63E1C00A80107;
			isa = PBXBuildFile;
			settings = {
				ATTRIBUTES = (
					Public,
				);
			};
		};
		EEAB7A5602E63E1C00A80107 = {
			fileRef = EEAB7A5102E63E1C00A80107;
			isa = PBXBuildFile;
			settings = {
			};
		};
		EEAB7A5702E63E1C00A80107 = {
			fileRef = EEAB7A5302E63E1C00A80107;
			isa = PBXBuildFile;
			settings = {
			};
		};
		EEAF609202F4AAEA00A80107 = {
			isa = PBXFrameworkReference;
			name = EDMessage.framework;
			path = /Library/Frameworks/EDMessage.framework;
			refType = 0;
		};
		EEAF609302F4AAEA00A80107 = {
			fileRef = EEAF609202F4AAEA00A80107;
			isa = PBXBuildFile;
			settings = {
			};
		};
		EEAF609402F4AAEA00A80107 = {
			fileRef = EEAF609202F4AAEA00A80107;
			isa = PBXBuildFile;
			settings = {
			};
		};
		EEAF609502F4AAEA00A80107 = {
			fileRef = EEAF609202F4AAEA00A80107;
			isa = PBXBuildFile;
			settings = {
			};
		};
		EEAF609602F4AAEA00A80107 = {
			fileRef = EEAF609202F4AAEA00A80107;
			isa = PBXBuildFile;
			settings = {
			};
		};
		EEAF609702F4AAEA00A80107 = {
			fileRef = EEAF609202F4AAEA00A80107;
			isa = PBXBuildFile;
			settings = {
			};
		};
		EEAF609802F4AAEB00A80107 = {
			fileRef = EEAF609202F4AAEA00A80107;
			isa = PBXBuildFile;
			settings = {
			};
		};
		EEAF609902F4AAEB00A80107 = {
			fileRef = EEAF609202F4AAEA00A80107;
			isa = PBXBuildFile;
			settings = {
			};
		};
		EEBF1D55012EADD200000001 = {
			fileEncoding = 30;
			isa = PBXFileReference;
			path = XRMethodSignature.h;
			refType = 4;
		};
		EEBF1D56012EADD200000001 = {
			fileEncoding = 30;
			isa = PBXFileReference;
			path = XRMethodSignature.m;
			refType = 4;
		};
		EEBF1D57012EADD200000001 = {
			fileRef = EEBF1D55012EADD200000001;
			isa = PBXBuildFile;
			settings = {
				ATTRIBUTES = (
					Public,
				);
			};
		};
		EEBF1D58012EADD200000001 = {
			fileRef = EEBF1D56012EADD200000001;
			isa = PBXBuildFile;
			settings = {
			};
		};
		EEC09ED2012CB71900000001 = {
			fileRef = 6E7F7A85012941262947C60C;
			isa = PBXBuildFile;
			settings = {
			};
		};
		EEC09ED3012CB71900000001 = {
			fileRef = 6E7F7A86012941262947C60C;
			isa = PBXBuildFile;
			settings = {
			};
		};
		EEC09ED5012CB72700000001 = {
			fileRef = 6E7F7A97012954B32947C60C;
			isa = PBXBuildFile;
			settings = {
			};
		};
		EEC470E10266634F00A80107 = {
			fileEncoding = 30;
			isa = PBXFileReference;
			path = XRGenericInvocation.h;
			refType = 4;
		};
		EEC470E20266634F00A80107 = {
			fileEncoding = 30;
			isa = PBXFileReference;
			path = XRGenericInvocation.m;
			refType = 4;
		};
		EEC470E30266634F00A80107 = {
			fileRef = EEC470E10266634F00A80107;
			isa = PBXBuildFile;
			settings = {
				ATTRIBUTES = (
					Public,
				);
			};
		};
		EEC470E40266634F00A80107 = {
			fileRef = EEC470E20266634F00A80107;
			isa = PBXBuildFile;
			settings = {
			};
		};
		EED0C87402B180F400A80107 = {
			children = (
				EEBF1D55012EADD200000001,
				EEBF1D56012EADD200000001,
				EEF036F8012EFE3700000001,
				EEF036F9012EFE3700000001,
				EEC470E10266634F00A80107,
				EEC470E20266634F00A80107,
				EED0C87502B180F400A80107,
				EED0C87602B180F400A80107,
			);
			isa = PBXGroup;
			name = Invocations;
			path = "";
			refType = 4;
		};
		EED0C87502B180F400A80107 = {
			fileEncoding = 30;
			isa = PBXFileReference;
			path = XRInvocationStorage.h;
			refType = 4;
		};
		EED0C87602B180F400A80107 = {
			fileEncoding = 30;
			isa = PBXFileReference;
			path = XRInvocationStorage.m;
			refType = 4;
		};
		EED0C87702B180F400A80107 = {
			fileRef = EED0C87502B180F400A80107;
			isa = PBXBuildFile;
			settings = {
				ATTRIBUTES = (
					Public,
				);
			};
		};
		EED0C87802B180F400A80107 = {
			fileRef = EED0C87602B180F400A80107;
			isa = PBXBuildFile;
			settings = {
			};
		};
		EED93CFE012A12E800000001 = {
			fileEncoding = 30;
			isa = PBXFileReference;
			path = XRProtocols.h;
			refType = 4;
		};
		EED93CFF012A12E800000001 = {
			fileRef = EED93CFE012A12E800000001;
			isa = PBXBuildFile;
			settings = {
				ATTRIBUTES = (
					Public,
				);
			};
		};
		EED93D00012A13F000000001 = {
			fileEncoding = 30;
			isa = PBXFileReference;
			path = XRConstants.h;
			refType = 4;
		};
		EED93D01012A13F000000001 = {
			fileEncoding = 30;
			isa = PBXFileReference;
			path = XRConstants.m;
			refType = 4;
		};
		EED93D02012A13F000000001 = {
			fileRef = EED93D00012A13F000000001;
			isa = PBXBuildFile;
			settings = {
				ATTRIBUTES = (
					Public,
				);
			};
		};
		EED93D03012A13F000000001 = {
			fileRef = EED93D01012A13F000000001;
			isa = PBXBuildFile;
			settings = {
			};
		};
		EEF036F8012EFE3700000001 = {
			fileEncoding = 30;
			isa = PBXFileReference;
			path = XRInvocation.h;
			refType = 4;
		};
		EEF036F9012EFE3700000001 = {
			fileEncoding = 30;
			isa = PBXFileReference;
			path = XRInvocation.m;
			refType = 4;
		};
		EEF036FA012EFE3700000001 = {
			fileRef = EEF036F8012EFE3700000001;
			isa = PBXBuildFile;
			settings = {
				ATTRIBUTES = (
					Public,
				);
			};
		};
		EEF036FB012EFE3700000001 = {
			fileRef = EEF036F9012EFE3700000001;
			isa = PBXBuildFile;
			settings = {
			};
		};
		EEF037340130157200000001 = {
			fileEncoding = 30;
			isa = PBXFileReference;
			path = XRProxy.h;
			refType = 4;
		};
		EEF037350130157200000001 = {
			fileEncoding = 30;
			isa = PBXFileReference;
			path = XRProxy.m;
			refType = 4;
		};
		EEF037360130157200000001 = {
			fileRef = EEF037340130157200000001;
			isa = PBXBuildFile;
			settings = {
				ATTRIBUTES = (
					Public,
				);
			};
		};
		EEF037370130157200000001 = {
			fileRef = EEF037350130157200000001;
			isa = PBXBuildFile;
			settings = {
			};
		};
	};
	rootObject = 6E7F7A3F01283E972947C60C;
}
