// !$*UTF8*$!
{
	archiveVersion = 1;
	classes = {
	};
	objectVersion = 39;
	objects = {
		6E7F7A3F01283E972947C60C = {
			buildSettings = {
			};
			buildStyles = (
				6E7F7A4201283F092947C60C,
				6E7F7A4301283F092947C60C,
				EE990F05027DB62C00A8042A,
				EE990F06027DB67100A8042A,
			);
			hasScannedForEncodings = 1;
			isa = PBXProject;
			mainGroup = 6E7F7A4001283E972947C60C;
			productRefGroup = 6E7F7A4601283F332947C60C;
			projectDirPath = "";
			targets = (
				ADE26DDF073163F000951554,
				ADE26DEC073163F000951554,
				ADE26DFD073163F000951554,
				ADE26E0E073163F000951554,
				ADE26E25073163F000951554,
				ADE26E8B073163F000951554,
				AD718723073163310024E826,
			);
		};
		6E7F7A4001283E972947C60C = {
			children = (
				EE0946220129DAF800000001,
				EE66E9DD02EB22E100343C4C,
				6E7F7A7F012940592947C60C,
				EEA873E902E4E1A500A80107,
				6E7F7AB701295DB02947C60C,
				6E7F7A84012941262947C60C,
				6E7F7A4601283F332947C60C,
				AD4F9FA50731658000FE2630,
			);
			isa = PBXGroup;
			refType = 4;
			sourceTree = "<group>";
		};
		6E7F7A4201283F092947C60C = {
			buildSettings = {
				DEBUGGING_SYMBOLS = YES;
				DEPLOYMENT_LOCATION = NO;
				DEPLOYMENT_POSTPROCESSING = NO;
				DSTROOT = /;
				FRAMEWORK_SEARCH_PATHS = "$(LOCAL_LIBRARY_DIR)/Frameworks";
				GCC_DYNAMIC_NO_PIC = NO;
				GCC_ENABLE_FIX_AND_CONTINUE = YES;
				GCC_GENERATE_DEBUGGING_SYMBOLS = YES;
				GCC_OPTIMIZATION_LEVEL = 0;
				OPTIMIZATION_CFLAGS = "-O0";
				ZERO_LINK = YES;
			};
			isa = PBXBuildStyle;
			name = Development;
		};
		6E7F7A4301283F092947C60C = {
			buildSettings = {
				DEBUGGING_SYMBOLS = NO;
				DEPLOYMENT_LOCATION = YES;
				DEPLOYMENT_POSTPROCESSING = YES;
				DSTROOT = /;
				FRAMEWORK_SEARCH_PATHS = "$(LOCAL_LIBRARY_DIR)/Frameworks";
				GCC_ENABLE_FIX_AND_CONTINUE = NO;
				OPTIMIZATION_CFLAGS = "-O3";
				ZERO_LINK = NO;
			};
			isa = PBXBuildStyle;
			name = Deployment;
		};
		6E7F7A4401283F332947C60C = {
			children = (
				6E7F7A4501283F332947C60C,
				6E7F7ACF012979A42947C60C,
				6E7F7ACD012978022947C60C,
			);
			isa = PBXGroup;
			name = "Test Server";
			path = "";
			refType = 4;
			sourceTree = "<group>";
		};
		6E7F7A4501283F332947C60C = {
			fileEncoding = 30;
			isa = PBXFileReference;
			lastKnownFileType = sourcecode.c.objc;
			path = server_main.m;
			refType = 4;
			sourceTree = "<group>";
		};
		6E7F7A4601283F332947C60C = {
			children = (
				AD718779073163310024E826,
				ADE26DEA073163F000951554,
				ADE26DFB073163F000951554,
				ADE26E0C073163F000951554,
				ADE26E23073163F000951554,
				ADE26E32073163F000951554,
				ADE26E96073163F000951554,
			);
			isa = PBXGroup;
			name = Products;
			refType = 4;
			sourceTree = "<group>";
		};
		6E7F7A4F01283FCF2947C60C = {
			children = (
				6E7F7A50012840522947C60C,
				6ED9BB420132B4D02947C60C,
				6ED9BB430132B4D02947C60C,
				6ED9BB440132B4D02947C60C,
				6ED9BB450132B4D02947C60C,
			);
			isa = PBXGroup;
			name = "Test Client";
			path = "";
			refType = 4;
			sourceTree = "<group>";
		};
		6E7F7A50012840522947C60C = {
			fileEncoding = 30;
			isa = PBXFileReference;
			lastKnownFileType = sourcecode.c.objc;
			path = client_main.m;
			refType = 4;
			sourceTree = "<group>";
		};
		6E7F7A7F012940592947C60C = {
			children = (
				6E7F7A800129408D2947C60C,
				6E7F7ACB012974282947C60C,
				EED93CFE012A12E800000001,
				EED93D00012A13F000000001,
				EED93D01012A13F000000001,
				AD4F9FAC073165FD00FE2630,
				6E7F7AD10129A6E92947C60C,
				EE4F1C9D013C11AE00000001,
				EED0C87402B180F400A80107,
				6E7F7AD50129A6E92947C60C,
				6E7F7AD60129A6E92947C60C,
				AD8385B20468198000A80107,
			);
			isa = PBXGroup;
			name = "XMLRPC Framework";
			path = "";
			refType = 2;
			sourceTree = SOURCE_ROOT;
		};
		6E7F7A800129408D2947C60C = {
			fileEncoding = 30;
			isa = PBXFileReference;
			lastKnownFileType = sourcecode.c.h;
			path = XMLRPC.h;
			refType = 4;
			sourceTree = "<group>";
		};
		6E7F7A82012941262947C60C = {
			fileEncoding = 30;
			isa = PBXFileReference;
			lastKnownFileType = sourcecode.c.h;
			path = XRConnection.h;
			refType = 4;
			sourceTree = "<group>";
		};
		6E7F7A83012941262947C60C = {
			fileEncoding = 30;
			isa = PBXFileReference;
			lastKnownFileType = sourcecode.c.objc;
			path = XRConnection.m;
			refType = 4;
			sourceTree = "<group>";
		};
		6E7F7A84012941262947C60C = {
			children = (
				6E7F7A85012941262947C60C,
				6E7F7A86012941262947C60C,
				EEAF609202F4AAEA00A80107,
				EE52EC33013891BE00000001,
			);
			isa = PBXGroup;
			name = Frameworks;
			refType = 4;
			sourceTree = "<group>";
		};
		6E7F7A85012941262947C60C = {
			isa = PBXFileReference;
			lastKnownFileType = wrapper.framework;
			name = Foundation.framework;
			path = /System/Library/Frameworks/Foundation.framework;
			refType = 0;
			sourceTree = "<absolute>";
		};
		6E7F7A86012941262947C60C = {
			isa = PBXFileReference;
			lastKnownFileType = wrapper.framework;
			name = EDCommon.framework;
			path = /Library/Frameworks/EDCommon.framework;
			refType = 0;
			sourceTree = "<absolute>";
		};
		6E7F7A91012951DA2947C60C = {
			fileEncoding = 30;
			isa = PBXFileReference;
			lastKnownFileType = sourcecode.c.h;
			path = "NSString+XMLExtensions.h";
			refType = 4;
			sourceTree = "<group>";
		};
		6E7F7A92012951DA2947C60C = {
			fileEncoding = 30;
			isa = PBXFileReference;
			lastKnownFileType = sourcecode.c.objc;
			path = "NSString+XMLExtensions.m";
			refType = 4;
			sourceTree = "<group>";
		};
		6E7F7A93012951DA2947C60C = {
			fileEncoding = 4;
			isa = PBXFileReference;
			lastKnownFileType = text.plist;
			path = Entity2String.plist;
			refType = 4;
			sourceTree = "<group>";
		};
		6E7F7A94012951DA2947C60C = {
			fileEncoding = 4;
			isa = PBXFileReference;
			lastKnownFileType = text.plist;
			path = String2Entity.plist;
			refType = 4;
			sourceTree = "<group>";
		};
		6E7F7AB301295A522947C60C = {
			fileEncoding = 30;
			isa = PBXFileReference;
			lastKnownFileType = sourcecode.c.h;
			path = XMLRPCFramework.h;
			refType = 4;
			sourceTree = "<group>";
		};
		6E7F7AB401295A522947C60C = {
			fileEncoding = 30;
			isa = PBXFileReference;
			lastKnownFileType = sourcecode.c.objc;
			path = XMLRPCFramework.m;
			refType = 4;
			sourceTree = "<group>";
		};
		6E7F7AB701295DB02947C60C = {
			children = (
				6E7F7AB801295DB02947C60C,
				EE68A23F020A09FB00A80107,
				6E7F7A4F01283FCF2947C60C,
				EE52EC1F01388DC300000001,
				6E7F7A4401283F332947C60C,
				AD8385AF0468195B00A80107,
			);
			isa = PBXGroup;
			path = Testing;
			refType = 4;
			sourceTree = "<group>";
		};
		6E7F7AB801295DB02947C60C = {
			children = (
				6E7F7AB901295DB02947C60C,
			);
			isa = PBXGroup;
			name = "UNIT Testing";
			path = "";
			refType = 4;
			sourceTree = "<group>";
		};
		6E7F7AB901295DB02947C60C = {
			fileEncoding = 30;
			isa = PBXFileReference;
			lastKnownFileType = sourcecode.c.objc;
			path = functionaltests_main.m;
			refType = 4;
			sourceTree = "<group>";
		};
		6E7F7ACB012974282947C60C = {
			fileEncoding = 30;
			isa = PBXFileReference;
			lastKnownFileType = sourcecode.c.h;
			path = XRDefines.h;
			refType = 4;
			sourceTree = "<group>";
		};
		6E7F7ACD012978022947C60C = {
			fileEncoding = 30;
			isa = PBXFileReference;
			lastKnownFileType = sourcecode.c.objc;
			path = TestServer.m;
			refType = 4;
			sourceTree = "<group>";
		};
		6E7F7ACF012979A42947C60C = {
			fileEncoding = 30;
			isa = PBXFileReference;
			lastKnownFileType = sourcecode.c.h;
			path = TestServer.h;
			refType = 4;
			sourceTree = "<group>";
		};
		6E7F7AD10129A6E92947C60C = {
			children = (
				6E7F7A82012941262947C60C,
				6E7F7A83012941262947C60C,
				EEF037340130157200000001,
				EEF037350130157200000001,
				6EEB1A9A0129BE2E2947C60C,
			);
			isa = PBXGroup;
			name = Connection;
			refType = 4;
			sourceTree = "<group>";
		};
		6E7F7AD20129A6E92947C60C = {
			children = (
				6E7F7AD30129A6E92947C60C,
				6E7F7AD40129A6E92947C60C,
				AD4B681803C5C4B700A8042A,
				AD4B681903C5C4B700A8042A,
				6E7F7ADB0129AA6C2947C60C,
				6EEB1A7D0129AC772947C60C,
			);
			isa = PBXGroup;
			name = "XML Parser";
			path = "";
			refType = 4;
			sourceTree = "<group>";
		};
		6E7F7AD30129A6E92947C60C = {
			fileEncoding = 30;
			isa = PBXFileReference;
			lastKnownFileType = sourcecode.c.h;
			path = XRXMLParser.h;
			refType = 4;
			sourceTree = "<group>";
		};
		6E7F7AD40129A6E92947C60C = {
			fileEncoding = 30;
			isa = PBXFileReference;
			lastKnownFileType = sourcecode.c.objc;
			path = XRXMLParser.m;
			refType = 4;
			sourceTree = "<group>";
		};
		6E7F7AD50129A6E92947C60C = {
			children = (
				EE4F1CAF013C231900000001,
				EE8E8B26013C318C00000001,
				EE8E8B27013C318C00000001,
				6E7F7A91012951DA2947C60C,
				6E7F7A92012951DA2947C60C,
				EEAB7A5002E63E1C00A80107,
				EEAB7A5102E63E1C00A80107,
				EEAB7A5202E63E1C00A80107,
				EEAB7A5302E63E1C00A80107,
				6E7F7A93012951DA2947C60C,
				6E7F7A94012951DA2947C60C,
				AD193411043D169100A80107,
			);
			isa = PBXGroup;
			name = Extensions;
			refType = 4;
			sourceTree = "<group>";
		};
		6E7F7AD60129A6E92947C60C = {
			children = (
				6E7F7AB301295A522947C60C,
				6E7F7AB401295A522947C60C,
			);
			isa = PBXGroup;
			name = "Framework Stub";
			refType = 4;
			sourceTree = "<group>";
		};
		6E7F7AD90129AA372947C60C = {
			fileEncoding = 30;
			isa = PBXFileReference;
			lastKnownFileType = text.plist;
			path = XMLRPCTags.plist;
			refType = 4;
			sourceTree = "<group>";
		};
		6E7F7ADB0129AA6C2947C60C = {
			children = (
				6E7F7AD90129AA372947C60C,
				6EEB1AB7012A8CE02947C60C,
				6EEB1AB8012A8CE02947C60C,
				6EEB1AB1012A8C7E2947C60C,
				6EEB1AB2012A8C7E2947C60C,
				6EEB1ABB012A9A122947C60C,
				6EEB1ABC012A9A122947C60C,
				6EEB1AC4012AC3E22947C60C,
				6EEB1AC5012AC3E22947C60C,
				6EEB1AC6012AC3E22947C60C,
				6EEB1AC7012AC3E22947C60C,
			);
			isa = PBXGroup;
			name = Elements;
			refType = 4;
			sourceTree = "<group>";
		};
		6ECF090A012C2C1E2947C60C = {
			isa = PBXFileReference;
			lastKnownFileType = text.rtf;
			path = README.rtf;
			refType = 4;
			sourceTree = "<group>";
		};
		6ED9BB420132B4D02947C60C = {
			fileEncoding = 30;
			isa = PBXFileReference;
			lastKnownFileType = sourcecode.c.h;
			path = TestController.h;
			refType = 4;
			sourceTree = "<group>";
		};
		6ED9BB430132B4D02947C60C = {
			fileEncoding = 30;
			isa = PBXFileReference;
			lastKnownFileType = sourcecode.c.objc;
			path = TestController.m;
			refType = 4;
			sourceTree = "<group>";
		};
		6ED9BB440132B4D02947C60C = {
			fileEncoding = 30;
			isa = PBXFileReference;
			lastKnownFileType = sourcecode.c.h;
			path = TestServerProxy.h;
			refType = 4;
			sourceTree = "<group>";
		};
		6ED9BB450132B4D02947C60C = {
			fileEncoding = 30;
			isa = PBXFileReference;
			lastKnownFileType = sourcecode.c.objc;
			path = TestServerProxy.m;
			refType = 4;
			sourceTree = "<group>";
		};
		6EEB1A7D0129AC772947C60C = {
			children = (
				6EEB1A7E0129AC772947C60C,
				6EEB1A7F0129AC772947C60C,
				6EEB1A800129AC772947C60C,
				6EEB1A810129AC772947C60C,
				6EEB1A820129AC772947C60C,
				6EEB1A830129AC772947C60C,
				6EEB1A840129AC772947C60C,
				6EEB1A850129AC772947C60C,
				6EEB1A8E0129ADA92947C60C,
				6EEB1A8F0129ADA92947C60C,
			);
			isa = PBXGroup;
			name = "Mulle Basic XML";
			refType = 4;
			sourceTree = "<group>";
		};
		6EEB1A7E0129AC772947C60C = {
			fileEncoding = 30;
			isa = PBXFileReference;
			lastKnownFileType = sourcecode.c.h;
			path = MXElement.h;
			refType = 4;
			sourceTree = "<group>";
		};
		6EEB1A7F0129AC772947C60C = {
			fileEncoding = 30;
			isa = PBXFileReference;
			lastKnownFileType = sourcecode.c.objc;
			path = MXElement.m;
			refType = 4;
			sourceTree = "<group>";
		};
		6EEB1A800129AC772947C60C = {
			fileEncoding = 30;
			isa = PBXFileReference;
			lastKnownFileType = sourcecode.c.h;
			path = MXStringElement.h;
			refType = 4;
			sourceTree = "<group>";
		};
		6EEB1A810129AC772947C60C = {
			fileEncoding = 30;
			isa = PBXFileReference;
			lastKnownFileType = sourcecode.c.objc;
			path = MXStringElement.m;
			refType = 4;
			sourceTree = "<group>";
		};
		6EEB1A820129AC772947C60C = {
			fileEncoding = 30;
			isa = PBXFileReference;
			lastKnownFileType = sourcecode.c.h;
			path = MXContainerElement.h;
			refType = 4;
			sourceTree = "<group>";
		};
		6EEB1A830129AC772947C60C = {
			fileEncoding = 30;
			isa = PBXFileReference;
			lastKnownFileType = sourcecode.c.objc;
			path = MXContainerElement.m;
			refType = 4;
			sourceTree = "<group>";
		};
		6EEB1A840129AC772947C60C = {
			fileEncoding = 30;
			isa = PBXFileReference;
			lastKnownFileType = sourcecode.c.h;
			path = MXTextContainerElement.h;
			refType = 4;
			sourceTree = "<group>";
		};
		6EEB1A850129AC772947C60C = {
			fileEncoding = 30;
			isa = PBXFileReference;
			lastKnownFileType = sourcecode.c.objc;
			path = MXTextContainerElement.m;
			refType = 4;
			sourceTree = "<group>";
		};
		6EEB1A8E0129ADA92947C60C = {
			fileEncoding = 30;
			isa = PBXFileReference;
			lastKnownFileType = sourcecode.c.h;
			path = MXAutoContentContainerElement.h;
			refType = 4;
			sourceTree = "<group>";
		};
		6EEB1A8F0129ADA92947C60C = {
			fileEncoding = 30;
			isa = PBXFileReference;
			lastKnownFileType = sourcecode.c.objc;
			path = MXAutoContentContainerElement.m;
			refType = 4;
			sourceTree = "<group>";
		};
		6EEB1A920129B6F42947C60C = {
			fileEncoding = 30;
			isa = PBXFileReference;
			lastKnownFileType = sourcecode.c.h;
			path = XRHTTPResponse.h;
			refType = 4;
			sourceTree = "<group>";
		};
		6EEB1A930129B6F42947C60C = {
			fileEncoding = 30;
			isa = PBXFileReference;
			lastKnownFileType = sourcecode.c.objc;
			path = XRHTTPResponse.m;
			refType = 4;
			sourceTree = "<group>";
		};
		6EEB1A960129BA2D2947C60C = {
			fileEncoding = 30;
			isa = PBXFileReference;
			lastKnownFileType = sourcecode.c.h;
			path = XRHTTPMessage.h;
			refType = 4;
			sourceTree = "<group>";
		};
		6EEB1A970129BA2D2947C60C = {
			fileEncoding = 30;
			isa = PBXFileReference;
			lastKnownFileType = sourcecode.c.objc;
			path = XRHTTPMessage.m;
			refType = 4;
			sourceTree = "<group>";
		};
		6EEB1A9A0129BE2E2947C60C = {
			children = (
				6EEB1A960129BA2D2947C60C,
				6EEB1A970129BA2D2947C60C,
				EE0C32130129F08F00000001,
				EE0C32140129F08F00000001,
				6EEB1A920129B6F42947C60C,
				6EEB1A930129B6F42947C60C,
				6EEB1AAB012A88D62947C60C,
				6EEB1AAC012A88D62947C60C,
				EEAB7A4502E63DC900A80107,
			);
			isa = PBXGroup;
			name = "HTTP Stuff";
			refType = 4;
			sourceTree = "<group>";
		};
		6EEB1A9B012A73592947C60C = {
			isa = PBXFileReference;
			lastKnownFileType = text.rtf;
			path = BUILD.rtf;
			refType = 4;
			sourceTree = "<group>";
		};
		6EEB1A9C012A73592947C60C = {
			isa = PBXFileReference;
			lastKnownFileType = text.rtf;
			path = TODO.rtf;
			refType = 4;
			sourceTree = "<group>";
		};
		6EEB1AAB012A88D62947C60C = {
			fileEncoding = 30;
			isa = PBXFileReference;
			lastKnownFileType = sourcecode.c.h;
			path = XRHTTPConnection.h;
			refType = 4;
			sourceTree = "<group>";
		};
		6EEB1AAC012A88D62947C60C = {
			fileEncoding = 30;
			isa = PBXFileReference;
			lastKnownFileType = sourcecode.c.objc;
			path = XRHTTPConnection.m;
			refType = 4;
			sourceTree = "<group>";
		};
		6EEB1AB1012A8C7E2947C60C = {
			fileEncoding = 30;
			isa = PBXFileReference;
			lastKnownFileType = sourcecode.c.h;
			path = XREMethodResponse.h;
			refType = 4;
			sourceTree = "<group>";
		};
		6EEB1AB2012A8C7E2947C60C = {
			fileEncoding = 30;
			isa = PBXFileReference;
			lastKnownFileType = sourcecode.c.objc;
			path = XREMethodResponse.m;
			refType = 4;
			sourceTree = "<group>";
		};
		6EEB1AB7012A8CE02947C60C = {
			fileEncoding = 30;
			isa = PBXFileReference;
			lastKnownFileType = sourcecode.c.h;
			path = XREMethodCall.h;
			refType = 4;
			sourceTree = "<group>";
		};
		6EEB1AB8012A8CE02947C60C = {
			fileEncoding = 30;
			isa = PBXFileReference;
			lastKnownFileType = sourcecode.c.objc;
			path = XREMethodCall.m;
			refType = 4;
			sourceTree = "<group>";
		};
		6EEB1ABB012A9A122947C60C = {
			fileEncoding = 30;
			isa = PBXFileReference;
			lastKnownFileType = sourcecode.c.h;
			path = XREValue.h;
			refType = 4;
			sourceTree = "<group>";
		};
		6EEB1ABC012A9A122947C60C = {
			fileEncoding = 30;
			isa = PBXFileReference;
			lastKnownFileType = sourcecode.c.objc;
			path = XREValue.m;
			refType = 4;
			sourceTree = "<group>";
		};
		6EEB1AC4012AC3E22947C60C = {
			fileEncoding = 30;
			isa = PBXFileReference;
			lastKnownFileType = sourcecode.c.h;
			path = XREArray.h;
			refType = 4;
			sourceTree = "<group>";
		};
		6EEB1AC5012AC3E22947C60C = {
			fileEncoding = 30;
			isa = PBXFileReference;
			lastKnownFileType = sourcecode.c.objc;
			path = XREArray.m;
			refType = 4;
			sourceTree = "<group>";
		};
		6EEB1AC6012AC3E22947C60C = {
			fileEncoding = 30;
			isa = PBXFileReference;
			lastKnownFileType = sourcecode.c.h;
			path = XREStruct.h;
			refType = 4;
			sourceTree = "<group>";
		};
		6EEB1AC7012AC3E22947C60C = {
			fileEncoding = 30;
			isa = PBXFileReference;
			lastKnownFileType = sourcecode.c.objc;
			path = XREStruct.m;
			refType = 4;
			sourceTree = "<group>";
		};
//6E0
//6E1
//6E2
//6E3
//6E4
//AD0
//AD1
//AD2
//AD3
//AD4
		AD193411043D169100A80107 = {
			fileEncoding = 4;
			isa = PBXFileReference;
			lastKnownFileType = text.plist;
			path = String2XMLEntity.plist;
			refType = 4;
			sourceTree = "<group>";
		};
		AD4B681803C5C4B700A8042A = {
			fileEncoding = 4;
			isa = PBXFileReference;
			lastKnownFileType = sourcecode.c.h;
			path = XRXMLTagProcessor.h;
			refType = 4;
			sourceTree = "<group>";
		};
		AD4B681903C5C4B700A8042A = {
			fileEncoding = 4;
			isa = PBXFileReference;
			lastKnownFileType = sourcecode.c.objc;
			path = XRXMLTagProcessor.m;
			refType = 4;
			sourceTree = "<group>";
		};
		AD4F9FA50731658000FE2630 = {
			children = (
				AD718778073163310024E826,
				ADE26E22073163F000951554,
			);
			isa = PBXGroup;
			name = Resources;
			refType = 4;
			sourceTree = "<group>";
		};
		AD4F9FAC073165FD00FE2630 = {
			fileEncoding = 4;
			isa = PBXFileReference;
			lastKnownFileType = sourcecode.c.h;
			path = common.h;
			refType = 4;
			sourceTree = "<group>";
		};
		AD4F9FAD073165FD00FE2630 = {
			fileRef = AD4F9FAC073165FD00FE2630;
			isa = PBXBuildFile;
			settings = {
			};
		};
		AD718723073163310024E826 = {
			buildPhases = (
				AD718724073163310024E826,
				AD71874A073163310024E826,
				AD71874F073163310024E826,
				AD718772073163310024E826,
				AD718776073163310024E826,
				AD718777073163310024E826,
			);
			buildRules = (
			);
			buildSettings = {
				CURRENT_PROJECT_VERSION = 2;
				DYLIB_COMPATIBILITY_VERSION = 2;
				DYLIB_CURRENT_VERSION = 2;
				FRAMEWORK_VERSION = A;
				GCC_OPTIMIZATION_LEVEL = 0;
				GCC_PRECOMPILE_PREFIX_HEADER = YES;
				GCC_PREFIX_HEADER = common.h;
				GCC_USE_GCC3_PFE_SUPPORT = YES;
				INFOPLIST_FILE = "XMLRPC-Info.plist";
				INSTALL_MODE_FLAG = "u+w,go-w,o+rX";
				INSTALL_PATH = "$(LOCAL_LIBRARY_DIR)/Frameworks";
				OTHER_CFLAGS = "";
				OTHER_GENERATED_OFILES = "$(VERS_OFILE)";
				OTHER_LDFLAGS = "-seg1addr 0x35800000";
				OTHER_LIBTOOL_FLAGS = "";
				OTHER_REZFLAGS = "";
				PREBINDING = YES;
				PRINCIPAL_CLASS = "";
				PRODUCT_NAME = XMLRPC;
				SECTORDER_FLAGS = "";
				VERSIONING_SYSTEM = "apple-generic";
				WARNING_CFLAGS = "-Wmost -Wno-four-char-constants -Wno-unknown-pragmas";
				WRAPPER_EXTENSION = framework;
			};
			dependencies = (
			);
			isa = PBXNativeTarget;
			name = "XMLRPC Framework";
			productInstallPath = "$(LOCAL_LIBRARY_DIR)/Frameworks";
			productName = "XMLRPC Framework";
			productReference = AD718779073163310024E826;
			productType = "com.apple.product-type.framework";
		};
		AD718724073163310024E826 = {
			buildActionMask = 2147483647;
			files = (
				AD718725073163310024E826,
				AD718726073163310024E826,
				AD718727073163310024E826,
				AD718728073163310024E826,
				AD718729073163310024E826,
				AD71872A073163310024E826,
				AD71872B073163310024E826,
				AD71872C073163310024E826,
				AD71872D073163310024E826,
				AD71872E073163310024E826,
				AD71872F073163310024E826,
				AD718730073163310024E826,
				AD718731073163310024E826,
				AD718732073163310024E826,
				AD718733073163310024E826,
				AD718734073163310024E826,
				AD718735073163310024E826,
				AD718736073163310024E826,
				AD718737073163310024E826,
				AD718738073163310024E826,
				AD718739073163310024E826,
				AD71873A073163310024E826,
				AD71873B073163310024E826,
				AD71873C073163310024E826,
				AD71873D073163310024E826,
				AD71873E073163310024E826,
				AD71873F073163310024E826,
				AD718740073163310024E826,
				AD718741073163310024E826,
				AD718742073163310024E826,
				AD718743073163310024E826,
				AD718744073163310024E826,
				AD718745073163310024E826,
				AD718746073163310024E826,
				AD718747073163310024E826,
				AD718748073163310024E826,
				AD718749073163310024E826,
				AD4F9FAD073165FD00FE2630,
			);
			isa = PBXHeadersBuildPhase;
			runOnlyForDeploymentPostprocessing = 0;
		};
		AD718725073163310024E826 = {
			fileRef = 6E7F7A800129408D2947C60C;
			isa = PBXBuildFile;
			settings = {
				ATTRIBUTES = (
					Public,
				);
			};
		};
		AD718726073163310024E826 = {
			fileRef = 6E7F7ACB012974282947C60C;
			isa = PBXBuildFile;
			settings = {
				ATTRIBUTES = (
					Public,
				);
			};
		};
		AD718727073163310024E826 = {
			fileRef = EED93D00012A13F000000001;
			isa = PBXBuildFile;
			settings = {
				ATTRIBUTES = (
					Public,
				);
			};
		};
		AD718728073163310024E826 = {
			fileRef = EED93CFE012A12E800000001;
			isa = PBXBuildFile;
			settings = {
				ATTRIBUTES = (
					Public,
				);
			};
		};
		AD718729073163310024E826 = {
			fileRef = 6E7F7A82012941262947C60C;
			isa = PBXBuildFile;
			settings = {
				ATTRIBUTES = (
					Public,
				);
			};
		};
		AD71872A073163310024E826 = {
			fileRef = 6EEB1A960129BA2D2947C60C;
			isa = PBXBuildFile;
			settings = {
				ATTRIBUTES = (
					Public,
				);
			};
		};
		AD71872B073163310024E826 = {
			fileRef = EE0C32130129F08F00000001;
			isa = PBXBuildFile;
			settings = {
				ATTRIBUTES = (
					Public,
				);
			};
		};
		AD71872C073163310024E826 = {
			fileRef = EEAB7A5002E63E1C00A80107;
			isa = PBXBuildFile;
			settings = {
				ATTRIBUTES = (
					Public,
				);
			};
		};
		AD71872D073163310024E826 = {
			fileRef = 6EEB1A920129B6F42947C60C;
			isa = PBXBuildFile;
			settings = {
				ATTRIBUTES = (
					Public,
				);
			};
		};
		AD71872E073163310024E826 = {
			fileRef = EEAB7A5202E63E1C00A80107;
			isa = PBXBuildFile;
			settings = {
				ATTRIBUTES = (
					Public,
				);
			};
		};
		AD71872F073163310024E826 = {
			fileRef = 6EEB1AAB012A88D62947C60C;
			isa = PBXBuildFile;
			settings = {
				ATTRIBUTES = (
					Public,
				);
			};
		};
		AD718730073163310024E826 = {
			fileRef = EEAB7A4602E63DC900A80107;
			isa = PBXBuildFile;
			settings = {
				ATTRIBUTES = (
					Public,
				);
			};
		};
		AD718731073163310024E826 = {
			fileRef = EEAB7A4802E63DC900A80107;
			isa = PBXBuildFile;
			settings = {
				ATTRIBUTES = (
					Public,
				);
			};
		};
		AD718732073163310024E826 = {
			fileRef = EEAB7A4902E63DC900A80107;
			isa = PBXBuildFile;
			settings = {
				ATTRIBUTES = (
					Public,
				);
			};
		};
		AD718733073163310024E826 = {
			fileRef = EEBF1D55012EADD200000001;
			isa = PBXBuildFile;
			settings = {
				ATTRIBUTES = (
					Public,
				);
			};
		};
		AD718734073163310024E826 = {
			fileRef = EEF036F8012EFE3700000001;
			isa = PBXBuildFile;
			settings = {
				ATTRIBUTES = (
					Public,
				);
			};
		};
		AD718735073163310024E826 = {
			fileRef = EEC470E10266634F00A80107;
			isa = PBXBuildFile;
			settings = {
				ATTRIBUTES = (
					Public,
				);
			};
		};
		AD718736073163310024E826 = {
			fileRef = EED0C87502B180F400A80107;
			isa = PBXBuildFile;
			settings = {
				ATTRIBUTES = (
					Public,
				);
			};
		};
		AD718737073163310024E826 = {
			fileRef = EEF037340130157200000001;
			isa = PBXBuildFile;
			settings = {
				ATTRIBUTES = (
					Public,
				);
			};
		};
		AD718738073163310024E826 = {
			fileRef = EE4F1CA6013C130000000001;
			isa = PBXBuildFile;
			settings = {
				ATTRIBUTES = (
					Public,
				);
			};
		};
		AD718739073163310024E826 = {
			fileRef = EE4F1C9E013C11EB00000001;
			isa = PBXBuildFile;
			settings = {
				ATTRIBUTES = (
					Public,
				);
			};
		};
		AD71873A073163310024E826 = {
			fileRef = EE4F1CA0013C11EB00000001;
			isa = PBXBuildFile;
			settings = {
				ATTRIBUTES = (
					Public,
				);
			};
		};
		AD71873B073163310024E826 = {
			fileRef = 6EEB1A820129AC772947C60C;
			isa = PBXBuildFile;
			settings = {
				ATTRIBUTES = (
					Public,
				);
			};
		};
		AD71873C073163310024E826 = {
			fileRef = 6EEB1A7E0129AC772947C60C;
			isa = PBXBuildFile;
			settings = {
				ATTRIBUTES = (
					Public,
				);
			};
		};
		AD71873D073163310024E826 = {
			fileRef = 6EEB1A800129AC772947C60C;
			isa = PBXBuildFile;
			settings = {
				ATTRIBUTES = (
					Public,
				);
			};
		};
		AD71873E073163310024E826 = {
			fileRef = 6EEB1A840129AC772947C60C;
			isa = PBXBuildFile;
			settings = {
				ATTRIBUTES = (
					Public,
				);
			};
		};
		AD71873F073163310024E826 = {
			fileRef = 6EEB1A8E0129ADA92947C60C;
			isa = PBXBuildFile;
			settings = {
				ATTRIBUTES = (
					Public,
				);
			};
		};
		AD718740073163310024E826 = {
			fileRef = EE8E8B26013C318C00000001;
			isa = PBXBuildFile;
			settings = {
				ATTRIBUTES = (
					Public,
				);
			};
		};
		AD718741073163310024E826 = {
			fileRef = 6E7F7A91012951DA2947C60C;
			isa = PBXBuildFile;
			settings = {
				ATTRIBUTES = (
					Public,
				);
			};
		};
		AD718742073163310024E826 = {
			fileRef = 6E7F7AD30129A6E92947C60C;
			isa = PBXBuildFile;
			settings = {
				ATTRIBUTES = (
					Public,
				);
			};
		};
		AD718743073163310024E826 = {
			fileRef = AD4B681803C5C4B700A8042A;
			isa = PBXBuildFile;
			settings = {
				ATTRIBUTES = (
					Public,
				);
			};
		};
		AD718744073163310024E826 = {
			fileRef = 6EEB1AB1012A8C7E2947C60C;
			isa = PBXBuildFile;
			settings = {
			};
		};
		AD718745073163310024E826 = {
			fileRef = 6EEB1AB7012A8CE02947C60C;
			isa = PBXBuildFile;
			settings = {
			};
		};
		AD718746073163310024E826 = {
			fileRef = 6EEB1ABB012A9A122947C60C;
			isa = PBXBuildFile;
			settings = {
			};
		};
		AD718747073163310024E826 = {
			fileRef = 6EEB1AC4012AC3E22947C60C;
			isa = PBXBuildFile;
			settings = {
			};
		};
		AD718748073163310024E826 = {
			fileRef = 6EEB1AC6012AC3E22947C60C;
			isa = PBXBuildFile;
			settings = {
			};
		};
		AD718749073163310024E826 = {
			fileRef = 6E7F7AB301295A522947C60C;
			isa = PBXBuildFile;
			settings = {
				ATTRIBUTES = (
				);
			};
		};
		AD71874A073163310024E826 = {
			buildActionMask = 2147483647;
			files = (
				AD71874B073163310024E826,
				AD71874C073163310024E826,
				AD71874D073163310024E826,
				AD71874E073163310024E826,
			);
			isa = PBXResourcesBuildPhase;
			runOnlyForDeploymentPostprocessing = 0;
		};
		AD71874B073163310024E826 = {
			fileRef = 6E7F7A93012951DA2947C60C;
			isa = PBXBuildFile;
			settings = {
			};
		};
		AD71874C073163310024E826 = {
			fileRef = 6E7F7A94012951DA2947C60C;
			isa = PBXBuildFile;
			settings = {
			};
		};
		AD71874D073163310024E826 = {
			fileRef = 6E7F7AD90129AA372947C60C;
			isa = PBXBuildFile;
			settings = {
			};
		};
		AD71874E073163310024E826 = {
			fileRef = AD193411043D169100A80107;
			isa = PBXBuildFile;
			settings = {
			};
		};
		AD71874F073163310024E826 = {
			buildActionMask = 2147483647;
			files = (
				AD718750073163310024E826,
				AD718751073163310024E826,
				AD718752073163310024E826,
				AD718753073163310024E826,
				AD718754073163310024E826,
				AD718755073163310024E826,
				AD718756073163310024E826,
				AD718757073163310024E826,
				AD718758073163310024E826,
				AD718759073163310024E826,
				AD71875A073163310024E826,
				AD71875B073163310024E826,
				AD71875C073163310024E826,
				AD71875D073163310024E826,
				AD71875E073163310024E826,
				AD71875F073163310024E826,
				AD718760073163310024E826,
				AD718761073163310024E826,
				AD718762073163310024E826,
				AD718763073163310024E826,
				AD718764073163310024E826,
				AD718765073163310024E826,
				AD718766073163310024E826,
				AD718767073163310024E826,
				AD718768073163310024E826,
				AD718769073163310024E826,
				AD71876A073163310024E826,
				AD71876B073163310024E826,
				AD71876C073163310024E826,
				AD71876D073163310024E826,
				AD71876E073163310024E826,
				AD71876F073163310024E826,
				AD718770073163310024E826,
				AD718771073163310024E826,
			);
			isa = PBXSourcesBuildPhase;
			runOnlyForDeploymentPostprocessing = 0;
		};
		AD718750073163310024E826 = {
			fileRef = 6E7F7A83012941262947C60C;
			isa = PBXBuildFile;
			settings = {
			};
		};
		AD718751073163310024E826 = {
			fileRef = 6E7F7A92012951DA2947C60C;
			isa = PBXBuildFile;
			settings = {
			};
		};
		AD718752073163310024E826 = {
			fileRef = 6E7F7AB401295A522947C60C;
			isa = PBXBuildFile;
			settings = {
			};
		};
		AD718753073163310024E826 = {
			fileRef = 6E7F7AD40129A6E92947C60C;
			isa = PBXBuildFile;
			settings = {
			};
		};
		AD718754073163310024E826 = {
			fileRef = 6EEB1A830129AC772947C60C;
			isa = PBXBuildFile;
			settings = {
			};
		};
		AD718755073163310024E826 = {
			fileRef = 6EEB1A7F0129AC772947C60C;
			isa = PBXBuildFile;
			settings = {
			};
		};
		AD718756073163310024E826 = {
			fileRef = 6EEB1A810129AC772947C60C;
			isa = PBXBuildFile;
			settings = {
			};
		};
		AD718757073163310024E826 = {
			fileRef = 6EEB1A850129AC772947C60C;
			isa = PBXBuildFile;
			settings = {
			};
		};
		AD718758073163310024E826 = {
			fileRef = 6EEB1A8F0129ADA92947C60C;
			isa = PBXBuildFile;
			settings = {
			};
		};
		AD718759073163310024E826 = {
			fileRef = 6EEB1A930129B6F42947C60C;
			isa = PBXBuildFile;
			settings = {
			};
		};
		AD71875A073163310024E826 = {
			fileRef = 6EEB1A970129BA2D2947C60C;
			isa = PBXBuildFile;
			settings = {
			};
		};
		AD71875B073163310024E826 = {
			fileRef = EE0C32140129F08F00000001;
			isa = PBXBuildFile;
			settings = {
			};
		};
		AD71875C073163310024E826 = {
			fileRef = EED93D01012A13F000000001;
			isa = PBXBuildFile;
			settings = {
			};
		};
		AD71875D073163310024E826 = {
			fileRef = 6EEB1AAC012A88D62947C60C;
			isa = PBXBuildFile;
			settings = {
			};
		};
		AD71875E073163310024E826 = {
			fileRef = 6EEB1AB2012A8C7E2947C60C;
			isa = PBXBuildFile;
			settings = {
			};
		};
		AD71875F073163310024E826 = {
			fileRef = 6EEB1AB8012A8CE02947C60C;
			isa = PBXBuildFile;
			settings = {
			};
		};
		AD718760073163310024E826 = {
			fileRef = 6EEB1ABC012A9A122947C60C;
			isa = PBXBuildFile;
			settings = {
			};
		};
		AD718761073163310024E826 = {
			fileRef = 6EEB1AC5012AC3E22947C60C;
			isa = PBXBuildFile;
			settings = {
			};
		};
		AD718762073163310024E826 = {
			fileRef = 6EEB1AC7012AC3E22947C60C;
			isa = PBXBuildFile;
			settings = {
			};
		};
		AD718763073163310024E826 = {
			fileRef = EEBF1D56012EADD200000001;
			isa = PBXBuildFile;
			settings = {
			};
		};
		AD718764073163310024E826 = {
			fileRef = EEF036F9012EFE3700000001;
			isa = PBXBuildFile;
			settings = {
			};
		};
		AD718765073163310024E826 = {
			fileRef = EEF037350130157200000001;
			isa = PBXBuildFile;
			settings = {
			};
		};
		AD718766073163310024E826 = {
			fileRef = EE4F1C9F013C11EB00000001;
			isa = PBXBuildFile;
			settings = {
			};
		};
		AD718767073163310024E826 = {
			fileRef = EE4F1CA1013C11EB00000001;
			isa = PBXBuildFile;
			settings = {
			};
		};
		AD718768073163310024E826 = {
			fileRef = EE4F1CA7013C130000000001;
			isa = PBXBuildFile;
			settings = {
			};
		};
		AD718769073163310024E826 = {
			fileRef = EE4F1CAF013C231900000001;
			isa = PBXBuildFile;
			settings = {
			};
		};
		AD71876A073163310024E826 = {
			fileRef = EE8E8B27013C318C00000001;
			isa = PBXBuildFile;
			settings = {
			};
		};
		AD71876B073163310024E826 = {
			fileRef = EEC470E20266634F00A80107;
			isa = PBXBuildFile;
			settings = {
			};
		};
		AD71876C073163310024E826 = {
			fileRef = EED0C87602B180F400A80107;
			isa = PBXBuildFile;
			settings = {
			};
		};
		AD71876D073163310024E826 = {
			fileRef = EEAB7A4702E63DC900A80107;
			isa = PBXBuildFile;
			settings = {
			};
		};
		AD71876E073163310024E826 = {
			fileRef = EEAB7A4A02E63DC900A80107;
			isa = PBXBuildFile;
			settings = {
			};
		};
		AD71876F073163310024E826 = {
			fileRef = EEAB7A5102E63E1C00A80107;
			isa = PBXBuildFile;
			settings = {
			};
		};
		AD718770073163310024E826 = {
			fileRef = EEAB7A5302E63E1C00A80107;
			isa = PBXBuildFile;
			settings = {
			};
		};
		AD718771073163310024E826 = {
			fileRef = AD4B681903C5C4B700A8042A;
			isa = PBXBuildFile;
			settings = {
			};
		};
		AD718772073163310024E826 = {
			buildActionMask = 2147483647;
			files = (
				AD718773073163310024E826,
				AD718774073163310024E826,
				AD718775073163310024E826,
			);
			isa = PBXFrameworksBuildPhase;
			runOnlyForDeploymentPostprocessing = 0;
		};
		AD718773073163310024E826 = {
			fileRef = 6E7F7A85012941262947C60C;
			isa = PBXBuildFile;
			settings = {
			};
		};
		AD718774073163310024E826 = {
			fileRef = 6E7F7A86012941262947C60C;
			isa = PBXBuildFile;
			settings = {
			};
		};
		AD718775073163310024E826 = {
			fileRef = EEAF609202F4AAEA00A80107;
			isa = PBXBuildFile;
			settings = {
			};
		};
		AD718776073163310024E826 = {
			buildActionMask = 2147483647;
			files = (
			);
			isa = PBXRezBuildPhase;
			runOnlyForDeploymentPostprocessing = 0;
		};
		AD718777073163310024E826 = {
			buildActionMask = 8;
			files = (
			);
			isa = PBXShellScriptBuildPhase;
			runOnlyForDeploymentPostprocessing = 1;
			shellPath = /bin/sh;
			shellScript = "# Most parts of this script have been taken from GPGME\n# (c) by Stephane Corthesy (I believe)\n\nMKDIRS=\"mkdir -p\"\nAUTODOC=\"/usr/local/bin/autodoc\"\nAUTODOC_FLAGS=\"-timestamp -allclasses\"\nAUTODOC_FORMAT=html\nAUTODOC_LANGUAGE=English\nexport AD_COPYRIGHT=\"Mulle kybernetiK\"\n\n# If autodoc is not installed, we quit without any error\ntest -x $AUTODOC || exit 0\n\nPUBLIC_DOC_INSTALLDIR=\"$SYMROOT/$PRODUCT_NAME.framework/Resources/$AUTODOC_LANGUAGE.lproj/Documentation\"\n\n# We need to write down file names here\nAUTODOC_FILES=\"XRConnection.h XRProxy.h XRCoder.h XREncoder.h XRDecoder.h XRMethodSignature.h XRInvocation.h XRHTTPMessage.h XRHTTPRequest.h XRHTTPResponse.h XRHTTPConnection.h XRXMLParser.h NSCalendarDate+ISO8601.h XRDefines.h XRConstants.h XRProtocols.h\"\n\nAUTODOC_DOCDIR=\"$PUBLIC_DOC_INSTALLDIR\"\n\nOTHER_AUTODOC_FLAGS=\"-typedirs -combine -force\"\n\nALL_AUTODOC_FLAGS=\"$AUTODOC_FLAGS $OTHER_AUTODOC_FLAGS\"\n\n$MKDIRS $PUBLIC_DOC_INSTALLDIR\n$AUTODOC $ALL_AUTODOC_FLAGS -format $AUTODOC_FORMAT -dest $AUTODOC_DOCDIR $AUTODOC_FILES\n";
		};
		AD718778073163310024E826 = {
			isa = PBXFileReference;
			lastKnownFileType = text.xml;
			path = "XMLRPC-Info.plist";
			refType = 4;
			sourceTree = "<group>";
		};
		AD718779073163310024E826 = {
			explicitFileType = wrapper.framework;
			includeInIndex = 0;
			isa = PBXFileReference;
			path = XMLRPC.framework;
			refType = 3;
			sourceTree = BUILT_PRODUCTS_DIR;
		};
		AD8385AF0468195B00A80107 = {
			children = (
				AD8385B00468197100A80107,
			);
			isa = PBXGroup;
			name = GNUstep;
			refType = 4;
			sourceTree = "<group>";
		};
		AD8385B00468197100A80107 = {
			fileEncoding = 30;
			isa = PBXFileReference;
			lastKnownFileType = text;
			path = GNUmakefile;
			refType = 4;
			sourceTree = "<group>";
		};
		AD8385B20468198000A80107 = {
			children = (
				AD8385B30468199F00A80107,
				AD8385B50468199F00A80107,
				AD8385B40468199F00A80107,
			);
			isa = PBXGroup;
			name = GNUstep;
			refType = 4;
			sourceTree = "<group>";
		};
		AD8385B30468199F00A80107 = {
			fileEncoding = 30;
			isa = PBXFileReference;
			lastKnownFileType = text;
			path = GNUmakefile;
			refType = 4;
			sourceTree = "<group>";
		};
		AD8385B40468199F00A80107 = {
			fileEncoding = 30;
			isa = PBXFileReference;
			lastKnownFileType = text;
			path = GNUmakefile.postamble;
			refType = 4;
			sourceTree = "<group>";
		};
		AD8385B50468199F00A80107 = {
			fileEncoding = 30;
			isa = PBXFileReference;
			lastKnownFileType = text;
			path = GNUmakefile.preamble;
			refType = 4;
			sourceTree = "<group>";
		};
		ADE26DDF073163F000951554 = {
			buildPhases = (
				ADE26DE1073163F000951554,
				ADE26DE2073163F000951554,
				ADE26DE4073163F000951554,
				ADE26DE9073163F000951554,
			);
			buildRules = (
			);
			buildSettings = {
				OTHER_CFLAGS = "";
				OTHER_LDFLAGS = "";
				OTHER_REZFLAGS = "";
				PRODUCT_NAME = UnitTests;
				REZ_EXECUTABLE = YES;
				SECTORDER_FLAGS = "";
				WARNING_CFLAGS = "-Wmost -Wno-four-char-constants -Wno-unknown-pragmas";
			};
			dependencies = (
			);
			isa = PBXNativeTarget;
			name = "UNIT Tests";
			productInstallPath = /usr/local/bin;
			productName = unittests;
			productReference = ADE26DEA073163F000951554;
			productType = "com.apple.product-type.tool";
		};
		ADE26DE1073163F000951554 = {
			buildActionMask = 2147483647;
			files = (
			);
			isa = PBXHeadersBuildPhase;
			runOnlyForDeploymentPostprocessing = 0;
		};
		ADE26DE2073163F000951554 = {
			buildActionMask = 2147483647;
			files = (
				ADE26DE3073163F000951554,
			);
			isa = PBXSourcesBuildPhase;
			runOnlyForDeploymentPostprocessing = 0;
		};
		ADE26DE3073163F000951554 = {
			fileRef = 6E7F7AB901295DB02947C60C;
			isa = PBXBuildFile;
			settings = {
			};
		};
		ADE26DE4073163F000951554 = {
			buildActionMask = 2147483647;
			files = (
				ADE26DE5073163F000951554,
				ADE26DE6073163F000951554,
				ADE26DE8073163F000951554,
			);
			isa = PBXFrameworksBuildPhase;
			runOnlyForDeploymentPostprocessing = 0;
		};
		ADE26DE5073163F000951554 = {
			fileRef = 6E7F7A85012941262947C60C;
			isa = PBXBuildFile;
			settings = {
			};
		};
		ADE26DE6073163F000951554 = {
			fileRef = 6E7F7A86012941262947C60C;
			isa = PBXBuildFile;
			settings = {
			};
		};
		ADE26DE8073163F000951554 = {
			fileRef = EEAF609202F4AAEA00A80107;
			isa = PBXBuildFile;
			settings = {
			};
		};
		ADE26DE9073163F000951554 = {
			buildActionMask = 2147483647;
			files = (
			);
			isa = PBXRezBuildPhase;
			runOnlyForDeploymentPostprocessing = 0;
		};
		ADE26DEA073163F000951554 = {
			explicitFileType = "compiled.mach-o.executable";
			includeInIndex = 0;
			isa = PBXFileReference;
			path = UnitTests;
			refType = 3;
			sourceTree = BUILT_PRODUCTS_DIR;
		};
		ADE26DEC073163F000951554 = {
			buildPhases = (
				ADE26DEE073163F000951554,
				ADE26DF0073163F000951554,
				ADE26DF3073163F000951554,
				ADE26DF8073163F000951554,
				ADE26DFA073163F000951554,
			);
			buildRules = (
			);
			buildSettings = {
				OTHER_CFLAGS = "";
				OTHER_LDFLAGS = "";
				OTHER_REZFLAGS = "";
				PRODUCT_NAME = ParserTest;
				REZ_EXECUTABLE = YES;
				SECTORDER_FLAGS = "";
				WARNING_CFLAGS = "-Wmost -Wno-four-char-constants -Wno-unknown-pragmas";
			};
			dependencies = (
			);
			isa = PBXNativeTarget;
			name = "Parser Test";
			productInstallPath = /usr/local/bin;
			productName = "Parser Test";
			productReference = ADE26DFB073163F000951554;
			productType = "com.apple.product-type.tool";
		};
		ADE26DEE073163F000951554 = {
			buildActionMask = 2147483647;
			files = (
				ADE26DEF073163F000951554,
			);
			isa = PBXHeadersBuildPhase;
			runOnlyForDeploymentPostprocessing = 0;
		};
		ADE26DEF073163F000951554 = {
			fileRef = 6E7F7ACF012979A42947C60C;
			isa = PBXBuildFile;
			settings = {
			};
		};
		ADE26DF0073163F000951554 = {
			buildActionMask = 2147483647;
			files = (
				ADE26DF1073163F000951554,
				ADE26DF2073163F000951554,
			);
			isa = PBXSourcesBuildPhase;
			runOnlyForDeploymentPostprocessing = 0;
		};
		ADE26DF1073163F000951554 = {
			fileRef = EE68A240020A0A4C00A80107;
			isa = PBXBuildFile;
			settings = {
			};
		};
		ADE26DF2073163F000951554 = {
			fileRef = 6E7F7ACD012978022947C60C;
			isa = PBXBuildFile;
			settings = {
			};
		};
		ADE26DF3073163F000951554 = {
			buildActionMask = 2147483647;
			files = (
				ADE26DF4073163F000951554,
				ADE26DF5073163F000951554,
				ADE26DF7073163F000951554,
			);
			isa = PBXFrameworksBuildPhase;
			runOnlyForDeploymentPostprocessing = 0;
		};
		ADE26DF4073163F000951554 = {
			fileRef = 6E7F7A85012941262947C60C;
			isa = PBXBuildFile;
			settings = {
			};
		};
		ADE26DF5073163F000951554 = {
			fileRef = 6E7F7A86012941262947C60C;
			isa = PBXBuildFile;
			settings = {
			};
		};
		ADE26DF7073163F000951554 = {
			fileRef = EEAF609202F4AAEA00A80107;
			isa = PBXBuildFile;
			settings = {
			};
		};
		ADE26DF8073163F000951554 = {
			buildActionMask = 2147483647;
			dstPath = /tmp;
			dstSubfolderSpec = 0;
			files = (
				ADE26DF9073163F000951554,
			);
			isa = PBXCopyFilesBuildPhase;
			runOnlyForDeploymentPostprocessing = 0;
		};
		ADE26DF9073163F000951554 = {
			fileRef = EE68A24F020A0B1C00A80107;
			isa = PBXBuildFile;
			settings = {
			};
		};
		ADE26DFA073163F000951554 = {
			buildActionMask = 2147483647;
			files = (
			);
			isa = PBXRezBuildPhase;
			runOnlyForDeploymentPostprocessing = 0;
		};
		ADE26DFB073163F000951554 = {
			explicitFileType = "compiled.mach-o.executable";
			includeInIndex = 0;
			isa = PBXFileReference;
			path = ParserTest;
			refType = 3;
			sourceTree = BUILT_PRODUCTS_DIR;
		};
		ADE26DFD073163F000951554 = {
			buildPhases = (
				ADE26DFF073163F000951554,
				ADE26E02073163F000951554,
				ADE26E06073163F000951554,
				ADE26E0B073163F000951554,
			);
			buildRules = (
			);
			buildSettings = {
				OTHER_CFLAGS = "";
				OTHER_LDFLAGS = "";
				OTHER_REZFLAGS = "";
				PRODUCT_NAME = TestClient;
				REZ_EXECUTABLE = YES;
				SECTORDER_FLAGS = "";
				WARNING_CFLAGS = "-Wmost -Wno-four-char-constants -Wno-unknown-pragmas";
			};
			dependencies = (
			);
			isa = PBXNativeTarget;
			name = "Test Client";
			productInstallPath = /usr/local/bin;
			productName = Testtool;
			productReference = ADE26E0C073163F000951554;
			productType = "com.apple.product-type.tool";
		};
		ADE26DFF073163F000951554 = {
			buildActionMask = 2147483647;
			files = (
				ADE26E00073163F000951554,
				ADE26E01073163F000951554,
			);
			isa = PBXHeadersBuildPhase;
			runOnlyForDeploymentPostprocessing = 0;
		};
		ADE26E00073163F000951554 = {
			fileRef = 6ED9BB420132B4D02947C60C;
			isa = PBXBuildFile;
			settings = {
			};
		};
		ADE26E01073163F000951554 = {
			fileRef = 6ED9BB440132B4D02947C60C;
			isa = PBXBuildFile;
			settings = {
			};
		};
		ADE26E02073163F000951554 = {
			buildActionMask = 2147483647;
			files = (
				ADE26E03073163F000951554,
				ADE26E04073163F000951554,
				ADE26E05073163F000951554,
			);
			isa = PBXSourcesBuildPhase;
			runOnlyForDeploymentPostprocessing = 0;
		};
		ADE26E03073163F000951554 = {
			fileRef = 6E7F7A50012840522947C60C;
			isa = PBXBuildFile;
			settings = {
			};
		};
		ADE26E04073163F000951554 = {
			fileRef = 6ED9BB430132B4D02947C60C;
			isa = PBXBuildFile;
			settings = {
			};
		};
		ADE26E05073163F000951554 = {
			fileRef = 6ED9BB450132B4D02947C60C;
			isa = PBXBuildFile;
			settings = {
			};
		};
		ADE26E06073163F000951554 = {
			buildActionMask = 2147483647;
			files = (
				ADE26E07073163F000951554,
				ADE26E08073163F000951554,
				ADE26E0A073163F000951554,
			);
			isa = PBXFrameworksBuildPhase;
			runOnlyForDeploymentPostprocessing = 0;
		};
		ADE26E07073163F000951554 = {
			fileRef = 6E7F7A85012941262947C60C;
			isa = PBXBuildFile;
			settings = {
			};
		};
		ADE26E08073163F000951554 = {
			fileRef = 6E7F7A86012941262947C60C;
			isa = PBXBuildFile;
			settings = {
			};
		};
		ADE26E0A073163F000951554 = {
			fileRef = EEAF609202F4AAEA00A80107;
			isa = PBXBuildFile;
			settings = {
			};
		};
		ADE26E0B073163F000951554 = {
			buildActionMask = 2147483647;
			files = (
			);
			isa = PBXRezBuildPhase;
			runOnlyForDeploymentPostprocessing = 0;
		};
		ADE26E0C073163F000951554 = {
			explicitFileType = "compiled.mach-o.executable";
			includeInIndex = 0;
			isa = PBXFileReference;
			path = TestClient;
			refType = 3;
			sourceTree = BUILT_PRODUCTS_DIR;
		};
		ADE26E0E073163F000951554 = {
			buildPhases = (
				ADE26E10073163F000951554,
				ADE26E14073163F000951554,
				ADE26E16073163F000951554,
				ADE26E1B073163F000951554,
				ADE26E21073163F000951554,
			);
			buildRules = (
			);
			buildSettings = {
				INFOPLIST_FILE = "TestClientApplication-Info.plist";
				OTHER_CFLAGS = "";
				OTHER_LDFLAGS = "";
				OTHER_REZFLAGS = "";
				PRODUCT_NAME = TestClientApp;
				SECTORDER_FLAGS = "";
				WARNING_CFLAGS = "-Wmost -Wno-four-char-constants -Wno-unknown-pragmas";
				WRAPPER_EXTENSION = app;
			};
			dependencies = (
			);
			isa = PBXNativeTarget;
			name = "Test Client Application";
			productInstallPath = "$(USER_APPS_DIR)";
			productName = TestClientApp;
			productReference = ADE26E23073163F000951554;
			productType = "com.apple.product-type.application";
		};
		ADE26E10073163F000951554 = {
			buildActionMask = 2147483647;
			files = (
				ADE26E11073163F000951554,
				ADE26E12073163F000951554,
				ADE26E13073163F000951554,
			);
			isa = PBXHeadersBuildPhase;
			runOnlyForDeploymentPostprocessing = 0;
		};
		ADE26E11073163F000951554 = {
			fileRef = 6ED9BB420132B4D02947C60C;
			isa = PBXBuildFile;
			settings = {
			};
		};
		ADE26E12073163F000951554 = {
			fileRef = 6ED9BB440132B4D02947C60C;
			isa = PBXBuildFile;
			settings = {
			};
		};
		ADE26E13073163F000951554 = {
			fileRef = EE52EC2F01388FA700000001;
			isa = PBXBuildFile;
			settings = {
			};
		};
		ADE26E14073163F000951554 = {
			buildActionMask = 2147483647;
			files = (
				ADE26E15073163F000951554,
			);
			isa = PBXResourcesBuildPhase;
			runOnlyForDeploymentPostprocessing = 0;
		};
		ADE26E15073163F000951554 = {
			fileRef = EE52EC390138921600000001;
			isa = PBXBuildFile;
			settings = {
			};
		};
		ADE26E16073163F000951554 = {
			buildActionMask = 2147483647;
			files = (
				ADE26E17073163F000951554,
				ADE26E18073163F000951554,
				ADE26E19073163F000951554,
				ADE26E1A073163F000951554,
			);
			isa = PBXSourcesBuildPhase;
			runOnlyForDeploymentPostprocessing = 0;
		};
		ADE26E17073163F000951554 = {
			fileRef = 6ED9BB430132B4D02947C60C;
			isa = PBXBuildFile;
			settings = {
			};
		};
		ADE26E18073163F000951554 = {
			fileRef = 6ED9BB450132B4D02947C60C;
			isa = PBXBuildFile;
			settings = {
			};
		};
		ADE26E19073163F000951554 = {
			fileRef = EE52EC3001388FA700000001;
			isa = PBXBuildFile;
			settings = {
			};
		};
		ADE26E1A073163F000951554 = {
			fileRef = EE52EC2001388DC300000001;
			isa = PBXBuildFile;
			settings = {
			};
		};
		ADE26E1B073163F000951554 = {
			buildActionMask = 2147483647;
			files = (
				ADE26E1C073163F000951554,
				ADE26E1D073163F000951554,
				ADE26E1E073163F000951554,
				ADE26E20073163F000951554,
			);
			isa = PBXFrameworksBuildPhase;
			runOnlyForDeploymentPostprocessing = 0;
		};
		ADE26E1C073163F000951554 = {
			fileRef = EE52EC33013891BE00000001;
			isa = PBXBuildFile;
			settings = {
			};
		};
		ADE26E1D073163F000951554 = {
			fileRef = 6E7F7A86012941262947C60C;
			isa = PBXBuildFile;
			settings = {
			};
		};
		ADE26E1E073163F000951554 = {
			fileRef = 6E7F7A85012941262947C60C;
			isa = PBXBuildFile;
			settings = {
			};
		};
		ADE26E20073163F000951554 = {
			fileRef = EEAF609202F4AAEA00A80107;
			isa = PBXBuildFile;
			settings = {
			};
		};
		ADE26E21073163F000951554 = {
			buildActionMask = 2147483647;
			files = (
			);
			isa = PBXRezBuildPhase;
			runOnlyForDeploymentPostprocessing = 0;
		};
		ADE26E22073163F000951554 = {
			isa = PBXFileReference;
			lastKnownFileType = text.xml;
			path = "TestClientApplication-Info.plist";
			refType = 4;
			sourceTree = "<group>";
		};
		ADE26E23073163F000951554 = {
			explicitFileType = wrapper.application;
			includeInIndex = 0;
			isa = PBXFileReference;
			path = TestClientApp.app;
			refType = 3;
			sourceTree = BUILT_PRODUCTS_DIR;
		};
		ADE26E25073163F000951554 = {
			buildPhases = (
				ADE26E27073163F000951554,
				ADE26E29073163F000951554,
				ADE26E2C073163F000951554,
				ADE26E31073163F000951554,
			);
			buildRules = (
			);
			buildSettings = {
				OTHER_CFLAGS = "";
				OTHER_LDFLAGS = "";
				OTHER_REZFLAGS = "";
				PRODUCT_NAME = TestServer;
				REZ_EXECUTABLE = YES;
				SECTORDER_FLAGS = "";
				WARNING_CFLAGS = "-Wmost -Wno-four-char-constants -Wno-unknown-pragmas";
			};
			dependencies = (
			);
			isa = PBXNativeTarget;
			name = "Test Server";
			productName = "Test Server";
			productReference = ADE26E32073163F000951554;
			productType = "com.apple.product-type.tool";
		};
		ADE26E27073163F000951554 = {
			buildActionMask = 2147483647;
			files = (
				ADE26E28073163F000951554,
			);
			isa = PBXHeadersBuildPhase;
			runOnlyForDeploymentPostprocessing = 0;
		};
		ADE26E28073163F000951554 = {
			fileRef = 6E7F7ACF012979A42947C60C;
			isa = PBXBuildFile;
			settings = {
			};
		};
		ADE26E29073163F000951554 = {
			buildActionMask = 2147483647;
			files = (
				ADE26E2A073163F000951554,
				ADE26E2B073163F000951554,
			);
			isa = PBXSourcesBuildPhase;
			runOnlyForDeploymentPostprocessing = 0;
		};
		ADE26E2A073163F000951554 = {
			fileRef = 6E7F7A4501283F332947C60C;
			isa = PBXBuildFile;
			settings = {
			};
		};
		ADE26E2B073163F000951554 = {
			fileRef = 6E7F7ACD012978022947C60C;
			isa = PBXBuildFile;
			settings = {
			};
		};
		ADE26E2C073163F000951554 = {
			buildActionMask = 2147483647;
			files = (
				ADE26E2D073163F000951554,
				ADE26E2E073163F000951554,
				ADE26E30073163F000951554,
			);
			isa = PBXFrameworksBuildPhase;
			runOnlyForDeploymentPostprocessing = 0;
		};
		ADE26E2D073163F000951554 = {
			fileRef = 6E7F7A85012941262947C60C;
			isa = PBXBuildFile;
			settings = {
			};
		};
		ADE26E2E073163F000951554 = {
			fileRef = 6E7F7A86012941262947C60C;
			isa = PBXBuildFile;
			settings = {
			};
		};
		ADE26E30073163F000951554 = {
			fileRef = EEAF609202F4AAEA00A80107;
			isa = PBXBuildFile;
			settings = {
			};
		};
		ADE26E31073163F000951554 = {
			buildActionMask = 2147483647;
			files = (
			);
			isa = PBXRezBuildPhase;
			runOnlyForDeploymentPostprocessing = 0;
		};
		ADE26E32073163F000951554 = {
			explicitFileType = "compiled.mach-o.executable";
			includeInIndex = 0;
			isa = PBXFileReference;
			path = TestServer;
			refType = 3;
			sourceTree = BUILT_PRODUCTS_DIR;
		};
		ADE26E8B073163F000951554 = {
			buildPhases = (
				ADE26E8D073163F000951554,
				ADE26E8E073163F000951554,
				ADE26E90073163F000951554,
				ADE26E95073163F000951554,
			);
			buildRules = (
			);
			buildSettings = {
				OTHER_CFLAGS = "";
				OTHER_LDFLAGS = "";
				OTHER_REZFLAGS = "";
				PRODUCT_NAME = xrcall;
				REZ_EXECUTABLE = YES;
				SECTORDER_FLAGS = "";
				WARNING_CFLAGS = "-Wmost -Wno-four-char-constants -Wno-unknown-pragmas";
			};
			dependencies = (
			);
			isa = PBXNativeTarget;
			name = xrcall;
			productInstallPath = /usr/local/bin;
			productName = xrcall;
			productReference = ADE26E96073163F000951554;
			productType = "com.apple.product-type.tool";
		};
		ADE26E8D073163F000951554 = {
			buildActionMask = 2147483647;
			files = (
			);
			isa = PBXHeadersBuildPhase;
			runOnlyForDeploymentPostprocessing = 0;
		};
		ADE26E8E073163F000951554 = {
			buildActionMask = 2147483647;
			files = (
				ADE26E8F073163F000951554,
			);
			isa = PBXSourcesBuildPhase;
			runOnlyForDeploymentPostprocessing = 0;
		};
		ADE26E8F073163F000951554 = {
			fileRef = EEA873EA02E4E1A500A80107;
			isa = PBXBuildFile;
			settings = {
			};
		};
		ADE26E90073163F000951554 = {
			buildActionMask = 2147483647;
			files = (
				ADE26E91073163F000951554,
				ADE26E92073163F000951554,
				ADE26E94073163F000951554,
			);
			isa = PBXFrameworksBuildPhase;
			runOnlyForDeploymentPostprocessing = 0;
		};
		ADE26E91073163F000951554 = {
			fileRef = 6E7F7A85012941262947C60C;
			isa = PBXBuildFile;
			settings = {
			};
		};
		ADE26E92073163F000951554 = {
			fileRef = 6E7F7A86012941262947C60C;
			isa = PBXBuildFile;
			settings = {
			};
		};
		ADE26E94073163F000951554 = {
			fileRef = EEAF609202F4AAEA00A80107;
			isa = PBXBuildFile;
			settings = {
			};
		};
		ADE26E95073163F000951554 = {
			buildActionMask = 2147483647;
			files = (
			);
			isa = PBXRezBuildPhase;
			runOnlyForDeploymentPostprocessing = 0;
		};
		ADE26E96073163F000951554 = {
			explicitFileType = "compiled.mach-o.executable";
			includeInIndex = 0;
			isa = PBXFileReference;
			path = xrcall;
			refType = 3;
			sourceTree = BUILT_PRODUCTS_DIR;
		};
//AD0
//AD1
//AD2
//AD3
//AD4
//EE0
//EE1
//EE2
//EE3
//EE4
		EE0946220129DAF800000001 = {
			children = (
				6ECF090A012C2C1E2947C60C,
				6EEB1A9B012A73592947C60C,
				6EEB1A9C012A73592947C60C,
				EE5481FC0269B30500A80107,
				EE4F618F012CEFDB00000001,
				EE0946230129DAF800000001,
				EE4F6194012CF65400000001,
				EE19B5A601CEC49000A80107,
			);
			isa = PBXGroup;
			name = README;
			refType = 4;
			sourceTree = "<group>";
		};
		EE0946230129DAF800000001 = {
			fileEncoding = 30;
			isa = PBXFileReference;
			lastKnownFileType = text.html;
			path = "XMLRPC-spec.html";
			refType = 4;
			sourceTree = "<group>";
		};
		EE0C32130129F08F00000001 = {
			fileEncoding = 30;
			isa = PBXFileReference;
			lastKnownFileType = sourcecode.c.h;
			path = XRHTTPRequest.h;
			refType = 4;
			sourceTree = "<group>";
		};
		EE0C32140129F08F00000001 = {
			fileEncoding = 30;
			isa = PBXFileReference;
			lastKnownFileType = sourcecode.c.objc;
			path = XRHTTPRequest.m;
			refType = 4;
			sourceTree = "<group>";
		};
		EE19B5A601CEC49000A80107 = {
			children = (
				EE19B5A701CEC49000A80107,
			);
			isa = PBXGroup;
			name = AutoDoc;
			path = "";
			refType = 4;
			sourceTree = "<group>";
		};
		EE19B5A701CEC49000A80107 = {
			fileEncoding = 30;
			isa = PBXFileReference;
			lastKnownFileType = text.html;
			path = HTMLTemplate.html;
			refType = 2;
			sourceTree = SOURCE_ROOT;
		};
		EE4F1C9D013C11AE00000001 = {
			children = (
				EE4F1CA6013C130000000001,
				EE4F1CA7013C130000000001,
				EE4F1C9E013C11EB00000001,
				EE4F1C9F013C11EB00000001,
				EE4F1CA0013C11EB00000001,
				EE4F1CA1013C11EB00000001,
				6E7F7AD20129A6E92947C60C,
			);
			isa = PBXGroup;
			name = Coders;
			refType = 4;
			sourceTree = "<group>";
		};
		EE4F1C9E013C11EB00000001 = {
			fileEncoding = 30;
			isa = PBXFileReference;
			lastKnownFileType = sourcecode.c.h;
			path = XREncoder.h;
			refType = 4;
			sourceTree = "<group>";
		};
		EE4F1C9F013C11EB00000001 = {
			fileEncoding = 30;
			isa = PBXFileReference;
			lastKnownFileType = sourcecode.c.objc;
			path = XREncoder.m;
			refType = 4;
			sourceTree = "<group>";
		};
		EE4F1CA0013C11EB00000001 = {
			fileEncoding = 30;
			isa = PBXFileReference;
			lastKnownFileType = sourcecode.c.h;
			path = XRDecoder.h;
			refType = 4;
			sourceTree = "<group>";
		};
		EE4F1CA1013C11EB00000001 = {
			fileEncoding = 30;
			isa = PBXFileReference;
			lastKnownFileType = sourcecode.c.objc;
			path = XRDecoder.m;
			refType = 4;
			sourceTree = "<group>";
		};
		EE4F1CA6013C130000000001 = {
			fileEncoding = 30;
			isa = PBXFileReference;
			lastKnownFileType = sourcecode.c.h;
			path = XRCoder.h;
			refType = 4;
			sourceTree = "<group>";
		};
		EE4F1CA7013C130000000001 = {
			fileEncoding = 30;
			isa = PBXFileReference;
			lastKnownFileType = sourcecode.c.objc;
			path = XRCoder.m;
			refType = 4;
			sourceTree = "<group>";
		};
		EE4F1CAF013C231900000001 = {
			fileEncoding = 30;
			isa = PBXFileReference;
			lastKnownFileType = sourcecode.c.objc;
			path = "Objects+XRCoding.m";
			refType = 4;
			sourceTree = "<group>";
		};
		EE4F618F012CEFDB00000001 = {
			isa = PBXFileReference;
			lastKnownFileType = text.rtf;
			path = EXAMPLES.rtf;
			refType = 4;
			sourceTree = "<group>";
		};
		EE4F6194012CF65400000001 = {
			fileEncoding = 30;
			isa = PBXFileReference;
			lastKnownFileType = text;
			path = LGPL.txt;
			refType = 4;
			sourceTree = "<group>";
		};
		EE52EC1F01388DC300000001 = {
			children = (
				EE52EC2001388DC300000001,
				EE52EC2F01388FA700000001,
				EE52EC3001388FA700000001,
				EE52EC390138921600000001,
			);
			isa = PBXGroup;
			name = "Test Client Application";
			refType = 4;
			sourceTree = "<group>";
		};
		EE52EC2001388DC300000001 = {
			fileEncoding = 30;
			isa = PBXFileReference;
			lastKnownFileType = sourcecode.c.objc;
			path = clientapp_main.m;
			refType = 4;
			sourceTree = "<group>";
		};
		EE52EC2F01388FA700000001 = {
			fileEncoding = 30;
			isa = PBXFileReference;
			lastKnownFileType = sourcecode.c.h;
			path = AppDelegate.h;
			refType = 4;
			sourceTree = "<group>";
		};
		EE52EC3001388FA700000001 = {
			fileEncoding = 30;
			isa = PBXFileReference;
			lastKnownFileType = sourcecode.c.objc;
			path = AppDelegate.m;
			refType = 4;
			sourceTree = "<group>";
		};
		EE52EC33013891BE00000001 = {
			isa = PBXFileReference;
			lastKnownFileType = wrapper.framework;
			name = AppKit.framework;
			path = /System/Library/Frameworks/AppKit.framework;
			refType = 0;
			sourceTree = "<absolute>";
		};
		EE52EC390138921600000001 = {
			isa = PBXFileReference;
			lastKnownFileType = wrapper.nib;
			path = TestClientApp.nib;
			refType = 4;
			sourceTree = "<group>";
		};
		EE5481FC0269B30500A80107 = {
			isa = PBXFileReference;
			lastKnownFileType = text.rtf;
			path = CHANGES.rtf;
			refType = 4;
			sourceTree = "<group>";
		};
		EE66E9DD02EB22E100343C4C = {
			children = (
				EE66E9E102EB22E100343C4C,
			);
			isa = PBXGroup;
			name = objc;
			path = /usr/include/objc;
			refType = 0;
			sourceTree = "<absolute>";
		};
		EE66E9E102EB22E100343C4C = {
			fileEncoding = 30;
			isa = PBXFileReference;
			lastKnownFileType = sourcecode.c.h;
			path = "objc-class.h";
			refType = 4;
			sourceTree = "<group>";
		};
		EE68A23F020A09FB00A80107 = {
			children = (
				EE68A240020A0A4C00A80107,
				EE68A24F020A0B1C00A80107,
			);
			isa = PBXGroup;
			name = "Parser Testing";
			refType = 4;
			sourceTree = "<group>";
		};
		EE68A240020A0A4C00A80107 = {
			fileEncoding = 30;
			isa = PBXFileReference;
			lastKnownFileType = sourcecode.c.objc;
			path = parsertest_main.m;
			refType = 4;
			sourceTree = "<group>";
		};
		EE68A24F020A0B1C00A80107 = {
			fileEncoding = 30;
			isa = PBXFileReference;
			lastKnownFileType = text.xml;
			path = example.xml;
			refType = 4;
			sourceTree = "<group>";
		};
		EE8E8B26013C318C00000001 = {
			fileEncoding = 30;
			isa = PBXFileReference;
			lastKnownFileType = sourcecode.c.h;
			path = "NSCalendarDate+ISO8601.h";
			refType = 4;
			sourceTree = "<group>";
		};
		EE8E8B27013C318C00000001 = {
			fileEncoding = 30;
			isa = PBXFileReference;
			lastKnownFileType = sourcecode.c.objc;
			path = "NSCalendarDate+ISO8601.m";
			refType = 4;
			sourceTree = "<group>";
		};
		EE990F05027DB62C00A8042A = {
			buildSettings = {
				COPY_PHASE_STRIP = NO;
				DEBUGGING_SYMBOLS = YES;
				DEPLOYMENT_LOCATION = NO;
				DEPLOYMENT_POSTPROCESSING = NO;
				DSTROOT = /;
				DYLIB_INSTALL_NAME_BASE = "@executable_path/../Frameworks";
				FRAMEWORK_SEARCH_PATHS = "$(USER_LIBRARY_DIR)/EmbeddedDevelopmentFrameworks";
				OPTIMIZATION_CFLAGS = "-O0";
				SKIP_INSTALL = YES;
				SYMROOT = "$(USER_LIBRARY_DIR)/EmbeddedDevelopmentFrameworks";
				TEMP_DIR = "$(SYMROOT)/$(PROJECT_NAME).build";
			};
			isa = PBXBuildStyle;
			name = "Appwrapper Development";
		};
		EE990F06027DB67100A8042A = {
			buildSettings = {
				COPY_PHASE_STRIP = YES;
				DEBUGGING_SYMBOLS = NO;
				DEPLOYMENT_LOCATION = NO;
				DEPLOYMENT_POSTPROCESSING = YES;
				DSTROOT = /;
				DYLIB_INSTALL_NAME_BASE = "@executable_path/../Frameworks";
				FRAMEWORK_SEARCH_PATHS = "$(USER_LIBRARY_DIR)/EmbeddedFrameworks";
				OPTIMIZATION_CFLAGS = "-O3";
				SKIP_INSTALL = YES;
				SYMROOT = "$(USER_LIBRARY_DIR)/EmbeddedFrameworks";
				TEMP_DIR = "$(SYMROOT)/$(PROJECT_NAME).build";
			};
			isa = PBXBuildStyle;
			name = "Appwrapper Deployment";
		};
		EEA873E902E4E1A500A80107 = {
			children = (
				EEA873EA02E4E1A500A80107,
			);
			isa = PBXGroup;
			name = Tools;
			refType = 4;
			sourceTree = "<group>";
		};
		EEA873EA02E4E1A500A80107 = {
			fileEncoding = 30;
			isa = PBXFileReference;
			lastKnownFileType = sourcecode.c.objc;
			name = xrcall_main.m;
			path = Tools/xrcall_main.m;
			refType = 4;
			sourceTree = "<group>";
		};
		EEAB7A4502E63DC900A80107 = {
			children = (
				EEAB7A4602E63DC900A80107,
				EEAB7A4702E63DC900A80107,
				EEAB7A4802E63DC900A80107,
				EEAB7A4902E63DC900A80107,
				EEAB7A4A02E63DC900A80107,
			);
			isa = PBXGroup;
			name = Authentication;
			path = "";
			refType = 4;
			sourceTree = "<group>";
		};
		EEAB7A4602E63DC900A80107 = {
			fileEncoding = 30;
			isa = PBXFileReference;
			lastKnownFileType = sourcecode.c.h;
			path = XRHTTPAuthenticationCredentials.h;
			refType = 4;
			sourceTree = "<group>";
		};
		EEAB7A4702E63DC900A80107 = {
			fileEncoding = 30;
			isa = PBXFileReference;
			lastKnownFileType = sourcecode.c.objc;
			path = XRHTTPAuthenticationCredentials.m;
			refType = 4;
			sourceTree = "<group>";
		};
		EEAB7A4802E63DC900A80107 = {
			fileEncoding = 30;
			isa = PBXFileReference;
			lastKnownFileType = sourcecode.c.h;
			path = XRHTTPAuthenticationHandler.h;
			refType = 4;
			sourceTree = "<group>";
		};
		EEAB7A4902E63DC900A80107 = {
			fileEncoding = 30;
			isa = PBXFileReference;
			lastKnownFileType = sourcecode.c.h;
			path = XRHTTPBasicAuthenticationHandler.h;
			refType = 4;
			sourceTree = "<group>";
		};
		EEAB7A4A02E63DC900A80107 = {
			fileEncoding = 30;
			isa = PBXFileReference;
			lastKnownFileType = sourcecode.c.objc;
			path = XRHTTPBasicAuthenticationHandler.m;
			refType = 4;
			sourceTree = "<group>";
		};
		EEAB7A5002E63E1C00A80107 = {
			fileEncoding = 30;
			isa = PBXFileReference;
			lastKnownFileType = sourcecode.c.h;
			path = "XRHTTPRequest+HTTPAuthentication.h";
			refType = 4;
			sourceTree = "<group>";
		};
		EEAB7A5102E63E1C00A80107 = {
			fileEncoding = 30;
			isa = PBXFileReference;
			lastKnownFileType = sourcecode.c.objc;
			path = "XRHTTPRequest+HTTPAuthentication.m";
			refType = 4;
			sourceTree = "<group>";
		};
		EEAB7A5202E63E1C00A80107 = {
			fileEncoding = 30;
			isa = PBXFileReference;
			lastKnownFileType = sourcecode.c.h;
			path = "XRHTTPResponse+HTTPAuthentication.h";
			refType = 4;
			sourceTree = "<group>";
		};
		EEAB7A5302E63E1C00A80107 = {
			fileEncoding = 30;
			isa = PBXFileReference;
			lastKnownFileType = sourcecode.c.objc;
			path = "XRHTTPResponse+HTTPAuthentication.m";
			refType = 4;
			sourceTree = "<group>";
		};
		EEAF609202F4AAEA00A80107 = {
			isa = PBXFileReference;
			lastKnownFileType = wrapper.framework;
			name = EDMessage.framework;
			path = /Library/Frameworks/EDMessage.framework;
			refType = 0;
			sourceTree = "<absolute>";
		};
		EEBF1D55012EADD200000001 = {
			fileEncoding = 30;
			isa = PBXFileReference;
			lastKnownFileType = sourcecode.c.h;
			path = XRMethodSignature.h;
			refType = 4;
			sourceTree = "<group>";
		};
		EEBF1D56012EADD200000001 = {
			fileEncoding = 30;
			isa = PBXFileReference;
			lastKnownFileType = sourcecode.c.objc;
			path = XRMethodSignature.m;
			refType = 4;
			sourceTree = "<group>";
		};
		EEC470E10266634F00A80107 = {
			fileEncoding = 30;
			isa = PBXFileReference;
			lastKnownFileType = sourcecode.c.h;
			path = XRGenericInvocation.h;
			refType = 4;
			sourceTree = "<group>";
		};
		EEC470E20266634F00A80107 = {
			fileEncoding = 30;
			isa = PBXFileReference;
			lastKnownFileType = sourcecode.c.objc;
			path = XRGenericInvocation.m;
			refType = 4;
			sourceTree = "<group>";
		};
		EED0C87402B180F400A80107 = {
			children = (
				EEBF1D55012EADD200000001,
				EEBF1D56012EADD200000001,
				EEF036F8012EFE3700000001,
				EEF036F9012EFE3700000001,
				EEC470E10266634F00A80107,
				EEC470E20266634F00A80107,
				EED0C87502B180F400A80107,
				EED0C87602B180F400A80107,
			);
			isa = PBXGroup;
			name = Invocations;
			path = "";
			refType = 4;
			sourceTree = "<group>";
		};
		EED0C87502B180F400A80107 = {
			fileEncoding = 30;
			isa = PBXFileReference;
			lastKnownFileType = sourcecode.c.h;
			path = XRInvocationStorage.h;
			refType = 4;
			sourceTree = "<group>";
		};
		EED0C87602B180F400A80107 = {
			fileEncoding = 30;
			isa = PBXFileReference;
			lastKnownFileType = sourcecode.c.objc;
			path = XRInvocationStorage.m;
			refType = 4;
			sourceTree = "<group>";
		};
		EED93CFE012A12E800000001 = {
			fileEncoding = 30;
			isa = PBXFileReference;
			lastKnownFileType = sourcecode.c.h;
			path = XRProtocols.h;
			refType = 4;
			sourceTree = "<group>";
		};
		EED93D00012A13F000000001 = {
			fileEncoding = 30;
			isa = PBXFileReference;
			lastKnownFileType = sourcecode.c.h;
			path = XRConstants.h;
			refType = 4;
			sourceTree = "<group>";
		};
		EED93D01012A13F000000001 = {
			fileEncoding = 30;
			isa = PBXFileReference;
			lastKnownFileType = sourcecode.c.objc;
			path = XRConstants.m;
			refType = 4;
			sourceTree = "<group>";
		};
		EEF036F8012EFE3700000001 = {
			fileEncoding = 30;
			isa = PBXFileReference;
			lastKnownFileType = sourcecode.c.h;
			path = XRInvocation.h;
			refType = 4;
			sourceTree = "<group>";
		};
		EEF036F9012EFE3700000001 = {
			fileEncoding = 30;
			isa = PBXFileReference;
			lastKnownFileType = sourcecode.c.objc;
			path = XRInvocation.m;
			refType = 4;
			sourceTree = "<group>";
		};
		EEF037340130157200000001 = {
			fileEncoding = 30;
			isa = PBXFileReference;
			lastKnownFileType = sourcecode.c.h;
			path = XRProxy.h;
			refType = 4;
			sourceTree = "<group>";
		};
		EEF037350130157200000001 = {
			fileEncoding = 30;
			isa = PBXFileReference;
			lastKnownFileType = sourcecode.c.objc;
			path = XRProxy.m;
			refType = 4;
			sourceTree = "<group>";
		};
	};
	rootObject = 6E7F7A3F01283E972947C60C;
}
